// !$*UTF8*$!
{
	archiveVersion = 1;
	classes = {
	};
	objectVersion = 46;
	objects = {

/* Begin PBXBuildFile section */
		1D60589F0D05DD5A006BFB54 /* Foundation.framework in Frameworks */ = {isa = PBXBuildFile; fileRef = 1D30AB110D05D00D00671497 /* Foundation.framework */; };
		1DF5F4E00D08C38300B7A737 /* UIKit.framework in Frameworks */ = {isa = PBXBuildFile; fileRef = 1DF5F4DF0D08C38300B7A737 /* UIKit.framework */; };
		288765FD0DF74451002DB57D /* CoreGraphics.framework in Frameworks */ = {isa = PBXBuildFile; fileRef = 288765FC0DF74451002DB57D /* CoreGraphics.framework */; };
		8300C3CE137F613E00E45770 /* jumpinkettenicon@2x.png in Resources */ = {isa = PBXBuildFile; fileRef = 8300C3CD137F613E00E45770 /* jumpinkettenicon@2x.png */; };
		8300C3EB137F73BB00E45770 /* ketten_small.jpg in Resources */ = {isa = PBXBuildFile; fileRef = 8300C3EA137F73BA00E45770 /* ketten_small.jpg */; };
		830F9355129597CF00282FC6 /* calendar@2x.png in Resources */ = {isa = PBXBuildFile; fileRef = 830F9354129597CF00282FC6 /* calendar@2x.png */; };
		830F935F12959A2B00282FC6 /* calendar.png in Resources */ = {isa = PBXBuildFile; fileRef = 830F935E12959A2B00282FC6 /* calendar.png */; };
		830F939112959BD100282FC6 /* mic.png in Resources */ = {isa = PBXBuildFile; fileRef = 830F939012959BD100282FC6 /* mic.png */; };
		830F939312959BE600282FC6 /* mic@2x.png in Resources */ = {isa = PBXBuildFile; fileRef = 830F939212959BE600282FC6 /* mic@2x.png */; };
		8311CA9912DA8641009093D9 /* latest_mews.png in Resources */ = {isa = PBXBuildFile; fileRef = 8311CA9812DA8641009093D9 /* latest_mews.png */; };
		831BAF0A121EE00400A7AD86 /* kamikaze_ketten_background.png in Resources */ = {isa = PBXBuildFile; fileRef = 831BAF09121EE00400A7AD86 /* kamikaze_ketten_background.png */; };
		831BAF20121EE22900A7AD86 /* kamikaze_ketten_back_light.png in Resources */ = {isa = PBXBuildFile; fileRef = 831BAF1F121EE22900A7AD86 /* kamikaze_ketten_back_light.png */; };
		831BAF3E121EE79200A7AD86 /* Icon.png in Resources */ = {isa = PBXBuildFile; fileRef = 831BAF3D121EE79200A7AD86 /* Icon.png */; };
		831BAF40121EE7A300A7AD86 /* Icon@2x.png in Resources */ = {isa = PBXBuildFile; fileRef = 831BAF3F121EE7A300A7AD86 /* Icon@2x.png */; };
		83305335137F28C9007943E8 /* PlainTableViewSectionHeader.png in Resources */ = {isa = PBXBuildFile; fileRef = 83305333137F28C9007943E8 /* PlainTableViewSectionHeader.png */; };
		83305336137F28C9007943E8 /* PlainTableViewSectionHeader@2x.png in Resources */ = {isa = PBXBuildFile; fileRef = 83305334137F28C9007943E8 /* PlainTableViewSectionHeader@2x.png */; };
		834714291441048F00F4ADC5 /* bkk_logo_bw.jpeg in Resources */ = {isa = PBXBuildFile; fileRef = 834714281441048F00F4ADC5 /* bkk_logo_bw.jpeg */; };
		834A5A521465C1E800C87455 /* QuartzCore.framework in Frameworks */ = {isa = PBXBuildFile; fileRef = 834A5A511465C1E800C87455 /* QuartzCore.framework */; };
		834DE11A15DC83160050139B /* Settings.bundle in Resources */ = {isa = PBXBuildFile; fileRef = 834DE11915DC83160050139B /* Settings.bundle */; };
		8358DC94145B23A400FF0DD3 /* jumpinkettenicon.png in Resources */ = {isa = PBXBuildFile; fileRef = 8358DC93145B23A400FF0DD3 /* jumpinkettenicon.png */; };
		8366C1731340523000D2B518 /* CalendarDetailViewController.xib in Resources */ = {isa = PBXBuildFile; fileRef = 8366C1711340523000D2B518 /* CalendarDetailViewController.xib */; };
		8366C1761340F8DB00D2B518 /* MapKit.framework in Frameworks */ = {isa = PBXBuildFile; fileRef = 8366C1751340F8DB00D2B518 /* MapKit.framework */; settings = {ATTRIBUTES = (Required, ); }; };
		8366C1781341012000D2B518 /* CoreLocation.framework in Frameworks */ = {isa = PBXBuildFile; fileRef = 8366C1771341012000D2B518 /* CoreLocation.framework */; };
		83829842116C69F600EE8539 /* SongDetailViewController.xib in Resources */ = {isa = PBXBuildFile; fileRef = 83829840116C69F600EE8539 /* SongDetailViewController.xib */; };
		839597A914A29D9900E8CB30 /* ketten_small_white@2x.png in Resources */ = {isa = PBXBuildFile; fileRef = 839597A714A29D9900E8CB30 /* ketten_small_white@2x.png */; };
		839597AA14A29D9900E8CB30 /* ketten_small_white.png in Resources */ = {isa = PBXBuildFile; fileRef = 839597A814A29D9900E8CB30 /* ketten_small_white.png */; };
		8397062812F4A20B00050E9E /* kamizake_icon@2x.png in Resources */ = {isa = PBXBuildFile; fileRef = 8397062612F4A20B00050E9E /* kamizake_icon@2x.png */; };
		8397062912F4A20B00050E9E /* kamizake_icon.png in Resources */ = {isa = PBXBuildFile; fileRef = 8397062712F4A20B00050E9E /* kamizake_icon.png */; };
		8397063812F4A9BD00050E9E /* question.png in Resources */ = {isa = PBXBuildFile; fileRef = 8397063612F4A9BD00050E9E /* question.png */; };
		8397063912F4A9BD00050E9E /* question@2x.png in Resources */ = {isa = PBXBuildFile; fileRef = 8397063712F4A9BD00050E9E /* question@2x.png */; };
		8397065512F4AA6C00050E9E /* KamikazeViewController.xib in Resources */ = {isa = PBXBuildFile; fileRef = 8397065312F4AA6C00050E9E /* KamikazeViewController.xib */; };
		83ADD5FC1169939A00BF3809 /* bkklogobwtouchup.jpg in Resources */ = {isa = PBXBuildFile; fileRef = 83ADD5FB1169939A00BF3809 /* bkklogobwtouchup.jpg */; };
		83ADD601116993E800BF3809 /* bkkViewController.xib in Resources */ = {isa = PBXBuildFile; fileRef = 83ADD600116993E800BF3809 /* bkkViewController.xib */; };
		83B7C5B31296E3D500A52BD9 /* inbox.png in Resources */ = {isa = PBXBuildFile; fileRef = 83B7C5B11296E3D500A52BD9 /* inbox.png */; };
		83B7C5B41296E3D500A52BD9 /* inbox@2x.png in Resources */ = {isa = PBXBuildFile; fileRef = 83B7C5B21296E3D500A52BD9 /* inbox@2x.png */; };
		83B7C5BA1296E6E500A52BD9 /* FavoritesListViewController.xib in Resources */ = {isa = PBXBuildFile; fileRef = 83B7C5B81296E6E500A52BD9 /* FavoritesListViewController.xib */; };
		83B7C5CE1296E84700A52BD9 /* comment.png in Resources */ = {isa = PBXBuildFile; fileRef = 83B7C5CC1296E84700A52BD9 /* comment.png */; };
		83B7C5CF1296E84700A52BD9 /* comment@2x.png in Resources */ = {isa = PBXBuildFile; fileRef = 83B7C5CD1296E84700A52BD9 /* comment@2x.png */; };
		83D34B61160E74370065EF6A /* AFHTTPClient.m in Sources */ = {isa = PBXBuildFile; fileRef = 83D34B14160E6E8B0065EF6A /* AFHTTPClient.m */; };
		83D34B62160E74370065EF6A /* AFHTTPRequestOperation.m in Sources */ = {isa = PBXBuildFile; fileRef = 83D34B16160E6E8B0065EF6A /* AFHTTPRequestOperation.m */; };
		83D34B63160E74370065EF6A /* AFImageRequestOperation.m in Sources */ = {isa = PBXBuildFile; fileRef = 83D34B18160E6E8B0065EF6A /* AFImageRequestOperation.m */; };
		83D34B64160E74370065EF6A /* AFJSONRequestOperation.m in Sources */ = {isa = PBXBuildFile; fileRef = 83D34B1A160E6E8B0065EF6A /* AFJSONRequestOperation.m */; };
		83D34B65160E74370065EF6A /* AFNetworkActivityIndicatorManager.m in Sources */ = {isa = PBXBuildFile; fileRef = 83D34B1C160E6E8B0065EF6A /* AFNetworkActivityIndicatorManager.m */; };
		83D34B66160E74370065EF6A /* AFPropertyListRequestOperation.m in Sources */ = {isa = PBXBuildFile; fileRef = 83D34B1F160E6E8B0065EF6A /* AFPropertyListRequestOperation.m */; };
		83D34B67160E74370065EF6A /* AFURLConnectionOperation.m in Sources */ = {isa = PBXBuildFile; fileRef = 83D34B21160E6E8B0065EF6A /* AFURLConnectionOperation.m */; };
		83D34B68160E74370065EF6A /* AFXMLRequestOperation.m in Sources */ = {isa = PBXBuildFile; fileRef = 83D34B23160E6E8B0065EF6A /* AFXMLRequestOperation.m */; };
		83D34B69160E74370065EF6A /* UIImageView+AFNetworking.m in Sources */ = {isa = PBXBuildFile; fileRef = 83D34B25160E6E8B0065EF6A /* UIImageView+AFNetworking.m */; };
		83D34B6A160E74370065EF6A /* Song.m in Sources */ = {isa = PBXBuildFile; fileRef = 8381B60F1169C65500B545AB /* Song.m */; };
		83D34B6B160E74370065EF6A /* Date.m in Sources */ = {isa = PBXBuildFile; fileRef = 832FB83C11BE200B0084909E /* Date.m */; };
		83D34B6C160E74370065EF6A /* SongDetailViewController.m in Sources */ = {isa = PBXBuildFile; fileRef = 8382983F116C69F600EE8539 /* SongDetailViewController.m */; };
		83D34B6D160E74370065EF6A /* SongListViewController.m in Sources */ = {isa = PBXBuildFile; fileRef = 83ADD62E116997AD00BF3809 /* SongListViewController.m */; };
		83D34B6E160E74370065EF6A /* bkkViewController.m in Sources */ = {isa = PBXBuildFile; fileRef = 83ADD5FE116993AB00BF3809 /* bkkViewController.m */; };
		83D34B6F160E74370065EF6A /* bkkAppDelegate.m in Sources */ = {isa = PBXBuildFile; fileRef = 1D3623250D0F684500981E51 /* bkkAppDelegate.m */; };
		83D34B70160E74370065EF6A /* CalendarViewController.m in Sources */ = {isa = PBXBuildFile; fileRef = 832FB7A411BE0CCA0084909E /* CalendarViewController.m */; };
		83D34B71160E74370065EF6A /* FavoritesListViewController.m in Sources */ = {isa = PBXBuildFile; fileRef = 83B7C5B71296E6E500A52BD9 /* FavoritesListViewController.m */; };
		83D34B72160E74370065EF6A /* KamikazeViewController.m in Sources */ = {isa = PBXBuildFile; fileRef = 8397065212F4AA6C00050E9E /* KamikazeViewController.m */; };
		83D34B73160E74370065EF6A /* CalendarDetailViewController.m in Sources */ = {isa = PBXBuildFile; fileRef = 8366C1701340523000D2B518 /* CalendarDetailViewController.m */; };
		83D34B74160E74370065EF6A /* main.m in Sources */ = {isa = PBXBuildFile; fileRef = 29B97316FDCFA39411CA2CEA /* main.m */; };
		83DA58AA121B96DD006804B8 /* kamikaze_ketten.png in Resources */ = {isa = PBXBuildFile; fileRef = 83DA58A9121B96DD006804B8 /* kamikaze_ketten.png */; };
		83F3CA5A11780BE00033611B /* bkk_vert_realcat.jpg in Resources */ = {isa = PBXBuildFile; fileRef = 83F3CA5511780BE00033611B /* bkk_vert_realcat.jpg */; };
/* End PBXBuildFile section */

/* Begin PBXFileReference section */
		1D30AB110D05D00D00671497 /* Foundation.framework */ = {isa = PBXFileReference; lastKnownFileType = wrapper.framework; name = Foundation.framework; path = System/Library/Frameworks/Foundation.framework; sourceTree = SDKROOT; };
		1D3623240D0F684500981E51 /* bkkAppDelegate.h */ = {isa = PBXFileReference; fileEncoding = 4; lastKnownFileType = sourcecode.c.h; path = bkkAppDelegate.h; sourceTree = "<group>"; };
		1D3623250D0F684500981E51 /* bkkAppDelegate.m */ = {isa = PBXFileReference; fileEncoding = 4; lastKnownFileType = sourcecode.c.objc; path = bkkAppDelegate.m; sourceTree = "<group>"; };
		1D6058910D05DD3D006BFB54 /* baby ketten.app */ = {isa = PBXFileReference; explicitFileType = wrapper.application; includeInIndex = 0; path = "baby ketten.app"; sourceTree = BUILT_PRODUCTS_DIR; };
		1DF5F4DF0D08C38300B7A737 /* UIKit.framework */ = {isa = PBXFileReference; lastKnownFileType = wrapper.framework; name = UIKit.framework; path = System/Library/Frameworks/UIKit.framework; sourceTree = SDKROOT; };
		288765FC0DF74451002DB57D /* CoreGraphics.framework */ = {isa = PBXFileReference; lastKnownFileType = wrapper.framework; name = CoreGraphics.framework; path = System/Library/Frameworks/CoreGraphics.framework; sourceTree = SDKROOT; };
		29B97316FDCFA39411CA2CEA /* main.m */ = {isa = PBXFileReference; fileEncoding = 4; lastKnownFileType = sourcecode.c.objc; path = main.m; sourceTree = "<group>"; };
		8300C3CD137F613E00E45770 /* jumpinkettenicon@2x.png */ = {isa = PBXFileReference; lastKnownFileType = image.png; path = "jumpinkettenicon@2x.png"; sourceTree = "<group>"; };
		8300C3EA137F73BA00E45770 /* ketten_small.jpg */ = {isa = PBXFileReference; lastKnownFileType = image.jpeg; path = ketten_small.jpg; sourceTree = "<group>"; };
		830F9354129597CF00282FC6 /* calendar@2x.png */ = {isa = PBXFileReference; lastKnownFileType = image.png; path = "calendar@2x.png"; sourceTree = "<group>"; };
		830F935E12959A2B00282FC6 /* calendar.png */ = {isa = PBXFileReference; lastKnownFileType = image.png; path = calendar.png; sourceTree = "<group>"; };
		830F939012959BD100282FC6 /* mic.png */ = {isa = PBXFileReference; lastKnownFileType = image.png; path = mic.png; sourceTree = "<group>"; };
		830F939212959BE600282FC6 /* mic@2x.png */ = {isa = PBXFileReference; lastKnownFileType = image.png; path = "mic@2x.png"; sourceTree = "<group>"; };
		8311CA9812DA8641009093D9 /* latest_mews.png */ = {isa = PBXFileReference; lastKnownFileType = image.png; path = latest_mews.png; sourceTree = "<group>"; };
		831BAF09121EE00400A7AD86 /* kamikaze_ketten_background.png */ = {isa = PBXFileReference; lastKnownFileType = image.png; path = kamikaze_ketten_background.png; sourceTree = "<group>"; };
		831BAF1F121EE22900A7AD86 /* kamikaze_ketten_back_light.png */ = {isa = PBXFileReference; lastKnownFileType = image.png; path = kamikaze_ketten_back_light.png; sourceTree = "<group>"; };
		831BAF29121EE71600A7AD86 /* Icon-72.png */ = {isa = PBXFileReference; lastKnownFileType = image.png; path = "Icon-72.png"; sourceTree = "<group>"; };
		831BAF2A121EE71600A7AD86 /* Icon-Small-50.png */ = {isa = PBXFileReference; lastKnownFileType = image.png; path = "Icon-Small-50.png"; sourceTree = "<group>"; };
		831BAF2B121EE71600A7AD86 /* Icon-Small.png */ = {isa = PBXFileReference; lastKnownFileType = image.png; path = "Icon-Small.png"; sourceTree = "<group>"; };
		831BAF2C121EE71600A7AD86 /* Icon-Small@2x.png */ = {isa = PBXFileReference; lastKnownFileType = image.png; path = "Icon-Small@2x.png"; sourceTree = "<group>"; };
		831BAF3D121EE79200A7AD86 /* Icon.png */ = {isa = PBXFileReference; lastKnownFileType = image.png; path = Icon.png; sourceTree = "<group>"; };
		831BAF3F121EE7A300A7AD86 /* Icon@2x.png */ = {isa = PBXFileReference; lastKnownFileType = image.png; path = "Icon@2x.png"; sourceTree = "<group>"; };
		832FB7A311BE0CCA0084909E /* CalendarViewController.h */ = {isa = PBXFileReference; fileEncoding = 4; lastKnownFileType = sourcecode.c.h; path = CalendarViewController.h; sourceTree = "<group>"; };
		832FB7A411BE0CCA0084909E /* CalendarViewController.m */ = {isa = PBXFileReference; fileEncoding = 4; lastKnownFileType = sourcecode.c.objc; path = CalendarViewController.m; sourceTree = "<group>"; };
		832FB83B11BE200B0084909E /* Date.h */ = {isa = PBXFileReference; fileEncoding = 4; lastKnownFileType = sourcecode.c.h; path = Date.h; sourceTree = "<group>"; };
		832FB83C11BE200B0084909E /* Date.m */ = {isa = PBXFileReference; fileEncoding = 4; lastKnownFileType = sourcecode.c.objc; path = Date.m; sourceTree = "<group>"; };
		83305333137F28C9007943E8 /* PlainTableViewSectionHeader.png */ = {isa = PBXFileReference; lastKnownFileType = image.png; path = PlainTableViewSectionHeader.png; sourceTree = "<group>"; };
		83305334137F28C9007943E8 /* PlainTableViewSectionHeader@2x.png */ = {isa = PBXFileReference; lastKnownFileType = image.png; path = "PlainTableViewSectionHeader@2x.png"; sourceTree = "<group>"; };
		834714281441048F00F4ADC5 /* bkk_logo_bw.jpeg */ = {isa = PBXFileReference; lastKnownFileType = image.jpeg; path = bkk_logo_bw.jpeg; sourceTree = "<group>"; };
		834A5A511465C1E800C87455 /* QuartzCore.framework */ = {isa = PBXFileReference; lastKnownFileType = wrapper.framework; name = QuartzCore.framework; path = System/Library/Frameworks/QuartzCore.framework; sourceTree = SDKROOT; };
		834DE11915DC83160050139B /* Settings.bundle */ = {isa = PBXFileReference; lastKnownFileType = "wrapper.plug-in"; path = Settings.bundle; sourceTree = "<group>"; };
		8358DC93145B23A400FF0DD3 /* jumpinkettenicon.png */ = {isa = PBXFileReference; lastKnownFileType = image.png; path = jumpinkettenicon.png; sourceTree = "<group>"; };
		8366C16F1340523000D2B518 /* CalendarDetailViewController.h */ = {isa = PBXFileReference; fileEncoding = 4; lastKnownFileType = sourcecode.c.h; path = CalendarDetailViewController.h; sourceTree = "<group>"; };
		8366C1701340523000D2B518 /* CalendarDetailViewController.m */ = {isa = PBXFileReference; fileEncoding = 4; lastKnownFileType = sourcecode.c.objc; path = CalendarDetailViewController.m; sourceTree = "<group>"; };
		8366C1711340523000D2B518 /* CalendarDetailViewController.xib */ = {isa = PBXFileReference; fileEncoding = 4; lastKnownFileType = file.xib; path = CalendarDetailViewController.xib; sourceTree = "<group>"; };
		8366C1751340F8DB00D2B518 /* MapKit.framework */ = {isa = PBXFileReference; lastKnownFileType = wrapper.framework; name = MapKit.framework; path = System/Library/Frameworks/MapKit.framework; sourceTree = SDKROOT; };
		8366C1771341012000D2B518 /* CoreLocation.framework */ = {isa = PBXFileReference; lastKnownFileType = wrapper.framework; name = CoreLocation.framework; path = System/Library/Frameworks/CoreLocation.framework; sourceTree = SDKROOT; };
		8381B60E1169C65500B545AB /* Song.h */ = {isa = PBXFileReference; fileEncoding = 4; lastKnownFileType = sourcecode.c.h; path = Song.h; sourceTree = "<group>"; };
		8381B60F1169C65500B545AB /* Song.m */ = {isa = PBXFileReference; fileEncoding = 4; lastKnownFileType = sourcecode.c.objc; path = Song.m; sourceTree = "<group>"; };
		8382983E116C69F600EE8539 /* SongDetailViewController.h */ = {isa = PBXFileReference; fileEncoding = 4; lastKnownFileType = sourcecode.c.h; path = SongDetailViewController.h; sourceTree = "<group>"; };
		8382983F116C69F600EE8539 /* SongDetailViewController.m */ = {isa = PBXFileReference; fileEncoding = 4; lastKnownFileType = sourcecode.c.objc; path = SongDetailViewController.m; sourceTree = "<group>"; };
		83829840116C69F600EE8539 /* SongDetailViewController.xib */ = {isa = PBXFileReference; lastKnownFileType = file.xib; path = SongDetailViewController.xib; sourceTree = "<group>"; };
		839597A714A29D9900E8CB30 /* ketten_small_white@2x.png */ = {isa = PBXFileReference; lastKnownFileType = image.png; path = "ketten_small_white@2x.png"; sourceTree = "<group>"; };
		839597A814A29D9900E8CB30 /* ketten_small_white.png */ = {isa = PBXFileReference; lastKnownFileType = image.png; path = ketten_small_white.png; sourceTree = "<group>"; };
		8397062612F4A20B00050E9E /* kamizake_icon@2x.png */ = {isa = PBXFileReference; lastKnownFileType = image.png; path = "kamizake_icon@2x.png"; sourceTree = "<group>"; };
		8397062712F4A20B00050E9E /* kamizake_icon.png */ = {isa = PBXFileReference; lastKnownFileType = image.png; path = kamizake_icon.png; sourceTree = "<group>"; };
		8397063612F4A9BD00050E9E /* question.png */ = {isa = PBXFileReference; lastKnownFileType = image.png; path = question.png; sourceTree = "<group>"; };
		8397063712F4A9BD00050E9E /* question@2x.png */ = {isa = PBXFileReference; lastKnownFileType = image.png; path = "question@2x.png"; sourceTree = "<group>"; };
		8397065112F4AA6C00050E9E /* KamikazeViewController.h */ = {isa = PBXFileReference; fileEncoding = 4; lastKnownFileType = sourcecode.c.h; path = KamikazeViewController.h; sourceTree = "<group>"; };
		8397065212F4AA6C00050E9E /* KamikazeViewController.m */ = {isa = PBXFileReference; fileEncoding = 4; lastKnownFileType = sourcecode.c.objc; path = KamikazeViewController.m; sourceTree = "<group>"; };
		8397065312F4AA6C00050E9E /* KamikazeViewController.xib */ = {isa = PBXFileReference; lastKnownFileType = file.xib; path = KamikazeViewController.xib; sourceTree = "<group>"; };
		83ADD5FB1169939A00BF3809 /* bkklogobwtouchup.jpg */ = {isa = PBXFileReference; lastKnownFileType = image.jpeg; path = bkklogobwtouchup.jpg; sourceTree = "<group>"; };
		83ADD5FD116993AB00BF3809 /* bkkViewController.h */ = {isa = PBXFileReference; fileEncoding = 4; lastKnownFileType = sourcecode.c.h; path = bkkViewController.h; sourceTree = "<group>"; };
		83ADD5FE116993AB00BF3809 /* bkkViewController.m */ = {isa = PBXFileReference; fileEncoding = 4; lastKnownFileType = sourcecode.c.objc; path = bkkViewController.m; sourceTree = "<group>"; };
		83ADD600116993E800BF3809 /* bkkViewController.xib */ = {isa = PBXFileReference; lastKnownFileType = file.xib; name = bkkViewController.xib; path = ../bkkViewController.xib; sourceTree = "<group>"; };
		83ADD62D116997AD00BF3809 /* SongListViewController.h */ = {isa = PBXFileReference; fileEncoding = 4; lastKnownFileType = sourcecode.c.h; path = SongListViewController.h; sourceTree = "<group>"; };
		83ADD62E116997AD00BF3809 /* SongListViewController.m */ = {isa = PBXFileReference; fileEncoding = 4; lastKnownFileType = sourcecode.c.objc; path = SongListViewController.m; sourceTree = "<group>"; };
		83B7C5B11296E3D500A52BD9 /* inbox.png */ = {isa = PBXFileReference; lastKnownFileType = image.png; path = inbox.png; sourceTree = "<group>"; };
		83B7C5B21296E3D500A52BD9 /* inbox@2x.png */ = {isa = PBXFileReference; lastKnownFileType = image.png; path = "inbox@2x.png"; sourceTree = "<group>"; };
		83B7C5B61296E6E500A52BD9 /* FavoritesListViewController.h */ = {isa = PBXFileReference; fileEncoding = 4; lastKnownFileType = sourcecode.c.h; path = FavoritesListViewController.h; sourceTree = "<group>"; };
		83B7C5B71296E6E500A52BD9 /* FavoritesListViewController.m */ = {isa = PBXFileReference; fileEncoding = 4; lastKnownFileType = sourcecode.c.objc; path = FavoritesListViewController.m; sourceTree = "<group>"; };
		83B7C5B81296E6E500A52BD9 /* FavoritesListViewController.xib */ = {isa = PBXFileReference; lastKnownFileType = file.xib; path = FavoritesListViewController.xib; sourceTree = "<group>"; };
		83B7C5CC1296E84700A52BD9 /* comment.png */ = {isa = PBXFileReference; lastKnownFileType = image.png; path = comment.png; sourceTree = "<group>"; };
		83B7C5CD1296E84700A52BD9 /* comment@2x.png */ = {isa = PBXFileReference; lastKnownFileType = image.png; path = "comment@2x.png"; sourceTree = "<group>"; };
		83BFE0BA11C543140022D0CA /* baby ketten_Prefix.pch */ = {isa = PBXFileReference; fileEncoding = 4; lastKnownFileType = sourcecode.c.h; path = "baby ketten_Prefix.pch"; sourceTree = "<group>"; };
		83D34B13160E6E8B0065EF6A /* AFHTTPClient.h */ = {isa = PBXFileReference; fileEncoding = 4; lastKnownFileType = sourcecode.c.h; path = AFHTTPClient.h; sourceTree = "<group>"; };
		83D34B14160E6E8B0065EF6A /* AFHTTPClient.m */ = {isa = PBXFileReference; fileEncoding = 4; lastKnownFileType = sourcecode.c.objc; path = AFHTTPClient.m; sourceTree = "<group>"; };
		83D34B15160E6E8B0065EF6A /* AFHTTPRequestOperation.h */ = {isa = PBXFileReference; fileEncoding = 4; lastKnownFileType = sourcecode.c.h; path = AFHTTPRequestOperation.h; sourceTree = "<group>"; };
		83D34B16160E6E8B0065EF6A /* AFHTTPRequestOperation.m */ = {isa = PBXFileReference; fileEncoding = 4; lastKnownFileType = sourcecode.c.objc; path = AFHTTPRequestOperation.m; sourceTree = "<group>"; };
		83D34B17160E6E8B0065EF6A /* AFImageRequestOperation.h */ = {isa = PBXFileReference; fileEncoding = 4; lastKnownFileType = sourcecode.c.h; path = AFImageRequestOperation.h; sourceTree = "<group>"; };
		83D34B18160E6E8B0065EF6A /* AFImageRequestOperation.m */ = {isa = PBXFileReference; fileEncoding = 4; lastKnownFileType = sourcecode.c.objc; path = AFImageRequestOperation.m; sourceTree = "<group>"; };
		83D34B19160E6E8B0065EF6A /* AFJSONRequestOperation.h */ = {isa = PBXFileReference; fileEncoding = 4; lastKnownFileType = sourcecode.c.h; path = AFJSONRequestOperation.h; sourceTree = "<group>"; };
		83D34B1A160E6E8B0065EF6A /* AFJSONRequestOperation.m */ = {isa = PBXFileReference; fileEncoding = 4; lastKnownFileType = sourcecode.c.objc; path = AFJSONRequestOperation.m; sourceTree = "<group>"; };
		83D34B1B160E6E8B0065EF6A /* AFNetworkActivityIndicatorManager.h */ = {isa = PBXFileReference; fileEncoding = 4; lastKnownFileType = sourcecode.c.h; path = AFNetworkActivityIndicatorManager.h; sourceTree = "<group>"; };
		83D34B1C160E6E8B0065EF6A /* AFNetworkActivityIndicatorManager.m */ = {isa = PBXFileReference; fileEncoding = 4; lastKnownFileType = sourcecode.c.objc; path = AFNetworkActivityIndicatorManager.m; sourceTree = "<group>"; };
		83D34B1D160E6E8B0065EF6A /* AFNetworking.h */ = {isa = PBXFileReference; fileEncoding = 4; lastKnownFileType = sourcecode.c.h; path = AFNetworking.h; sourceTree = "<group>"; };
		83D34B1E160E6E8B0065EF6A /* AFPropertyListRequestOperation.h */ = {isa = PBXFileReference; fileEncoding = 4; lastKnownFileType = sourcecode.c.h; path = AFPropertyListRequestOperation.h; sourceTree = "<group>"; };
		83D34B1F160E6E8B0065EF6A /* AFPropertyListRequestOperation.m */ = {isa = PBXFileReference; fileEncoding = 4; lastKnownFileType = sourcecode.c.objc; path = AFPropertyListRequestOperation.m; sourceTree = "<group>"; };
		83D34B20160E6E8B0065EF6A /* AFURLConnectionOperation.h */ = {isa = PBXFileReference; fileEncoding = 4; lastKnownFileType = sourcecode.c.h; path = AFURLConnectionOperation.h; sourceTree = "<group>"; };
		83D34B21160E6E8B0065EF6A /* AFURLConnectionOperation.m */ = {isa = PBXFileReference; fileEncoding = 4; lastKnownFileType = sourcecode.c.objc; path = AFURLConnectionOperation.m; sourceTree = "<group>"; };
		83D34B22160E6E8B0065EF6A /* AFXMLRequestOperation.h */ = {isa = PBXFileReference; fileEncoding = 4; lastKnownFileType = sourcecode.c.h; path = AFXMLRequestOperation.h; sourceTree = "<group>"; };
		83D34B23160E6E8B0065EF6A /* AFXMLRequestOperation.m */ = {isa = PBXFileReference; fileEncoding = 4; lastKnownFileType = sourcecode.c.objc; path = AFXMLRequestOperation.m; sourceTree = "<group>"; };
		83D34B24160E6E8B0065EF6A /* UIImageView+AFNetworking.h */ = {isa = PBXFileReference; fileEncoding = 4; lastKnownFileType = sourcecode.c.h; path = "UIImageView+AFNetworking.h"; sourceTree = "<group>"; };
		83D34B25160E6E8B0065EF6A /* UIImageView+AFNetworking.m */ = {isa = PBXFileReference; fileEncoding = 4; lastKnownFileType = sourcecode.c.objc; path = "UIImageView+AFNetworking.m"; sourceTree = "<group>"; };
		83DA58A9121B96DD006804B8 /* kamikaze_ketten.png */ = {isa = PBXFileReference; lastKnownFileType = image.png; path = kamikaze_ketten.png; sourceTree = "<group>"; };
		83F3CA5511780BE00033611B /* bkk_vert_realcat.jpg */ = {isa = PBXFileReference; lastKnownFileType = image.jpeg; path = bkk_vert_realcat.jpg; sourceTree = "<group>"; };
		8D1107310486CEB800E47090 /* baby ketten-Info.plist */ = {isa = PBXFileReference; fileEncoding = 4; lastKnownFileType = text.plist.xml; path = "baby ketten-Info.plist"; plistStructureDefinitionIdentifier = "com.apple.xcode.plist.structure-definition.iphone.info-plist"; sourceTree = "<group>"; };
/* End PBXFileReference section */

/* Begin PBXFrameworksBuildPhase section */
		1D60588F0D05DD3D006BFB54 /* Frameworks */ = {
			isa = PBXFrameworksBuildPhase;
			buildActionMask = 2147483647;
			files = (
				834A5A521465C1E800C87455 /* QuartzCore.framework in Frameworks */,
				8366C1781341012000D2B518 /* CoreLocation.framework in Frameworks */,
				8366C1761340F8DB00D2B518 /* MapKit.framework in Frameworks */,
				1D60589F0D05DD5A006BFB54 /* Foundation.framework in Frameworks */,
				1DF5F4E00D08C38300B7A737 /* UIKit.framework in Frameworks */,
				288765FD0DF74451002DB57D /* CoreGraphics.framework in Frameworks */,
			);
			runOnlyForDeploymentPostprocessing = 0;
		};
/* End PBXFrameworksBuildPhase section */

/* Begin PBXGroup section */
		080E96DDFE201D6D7F000001 /* Classes */ = {
			isa = PBXGroup;
			children = (
				83D34B04160E69610065EF6A /* Vendor */,
				83D34B03160E66F00065EF6A /* Models */,
				83D34B02160E66900065EF6A /* Controllers */,
				83FD5CA4160F9DDB007F28D4 /* Views */,
				1D3623240D0F684500981E51 /* bkkAppDelegate.h */,
				1D3623250D0F684500981E51 /* bkkAppDelegate.m */,
			);
			path = Classes;
			sourceTree = "<group>";
		};
		19C28FACFE9D520D11CA2CBB /* Products */ = {
			isa = PBXGroup;
			children = (
				1D6058910D05DD3D006BFB54 /* baby ketten.app */,
			);
			name = Products;
			sourceTree = "<group>";
		};
		29B97314FDCFA39411CA2CEA /* CustomTemplate */ = {
			isa = PBXGroup;
			children = (
				834DE11915DC83160050139B /* Settings.bundle */,
				080E96DDFE201D6D7F000001 /* Classes */,
				29B97315FDCFA39411CA2CEA /* Other Sources */,
				29B97317FDCFA39411CA2CEA /* Resources */,
				29B97323FDCFA39411CA2CEA /* Frameworks */,
				19C28FACFE9D520D11CA2CBB /* Products */,
			);
			name = CustomTemplate;
			sourceTree = "<group>";
		};
		29B97315FDCFA39411CA2CEA /* Other Sources */ = {
			isa = PBXGroup;
			children = (
				83BFE0BA11C543140022D0CA /* baby ketten_Prefix.pch */,
				29B97316FDCFA39411CA2CEA /* main.m */,
			);
			name = "Other Sources";
			sourceTree = "<group>";
		};
		29B97317FDCFA39411CA2CEA /* Resources */ = {
			isa = PBXGroup;
			children = (
				8300C3EA137F73BA00E45770 /* ketten_small.jpg */,
				839597A714A29D9900E8CB30 /* ketten_small_white@2x.png */,
				839597A814A29D9900E8CB30 /* ketten_small_white.png */,
				8358DC93145B23A400FF0DD3 /* jumpinkettenicon.png */,
				8300C3CD137F613E00E45770 /* jumpinkettenicon@2x.png */,
				83305333137F28C9007943E8 /* PlainTableViewSectionHeader.png */,
				834714281441048F00F4ADC5 /* bkk_logo_bw.jpeg */,
				83305334137F28C9007943E8 /* PlainTableViewSectionHeader@2x.png */,
				8397063612F4A9BD00050E9E /* question.png */,
				8397063712F4A9BD00050E9E /* question@2x.png */,
				8397062612F4A20B00050E9E /* kamizake_icon@2x.png */,
				8397062712F4A20B00050E9E /* kamizake_icon.png */,
				8311CA9812DA8641009093D9 /* latest_mews.png */,
				83B7C5CC1296E84700A52BD9 /* comment.png */,
				83B7C5CD1296E84700A52BD9 /* comment@2x.png */,
				83B7C5B11296E3D500A52BD9 /* inbox.png */,
				83B7C5B21296E3D500A52BD9 /* inbox@2x.png */,
				830F939212959BE600282FC6 /* mic@2x.png */,
				830F939012959BD100282FC6 /* mic.png */,
				830F935E12959A2B00282FC6 /* calendar.png */,
				830F9354129597CF00282FC6 /* calendar@2x.png */,
				831BAF3F121EE7A300A7AD86 /* Icon@2x.png */,
				831BAF3D121EE79200A7AD86 /* Icon.png */,
				831BAF29121EE71600A7AD86 /* Icon-72.png */,
				831BAF2A121EE71600A7AD86 /* Icon-Small-50.png */,
				831BAF2B121EE71600A7AD86 /* Icon-Small.png */,
				831BAF2C121EE71600A7AD86 /* Icon-Small@2x.png */,
				831BAF1F121EE22900A7AD86 /* kamikaze_ketten_back_light.png */,
				831BAF09121EE00400A7AD86 /* kamikaze_ketten_background.png */,
				83DA58A9121B96DD006804B8 /* kamikaze_ketten.png */,
				83F3CA5511780BE00033611B /* bkk_vert_realcat.jpg */,
				83ADD5FB1169939A00BF3809 /* bkklogobwtouchup.jpg */,
				8D1107310486CEB800E47090 /* baby ketten-Info.plist */,
			);
			name = Resources;
			sourceTree = "<group>";
		};
		29B97323FDCFA39411CA2CEA /* Frameworks */ = {
			isa = PBXGroup;
			children = (
				834A5A511465C1E800C87455 /* QuartzCore.framework */,
				8366C1771341012000D2B518 /* CoreLocation.framework */,
				8366C1751340F8DB00D2B518 /* MapKit.framework */,
				1DF5F4DF0D08C38300B7A737 /* UIKit.framework */,
				1D30AB110D05D00D00671497 /* Foundation.framework */,
				288765FC0DF74451002DB57D /* CoreGraphics.framework */,
			);
			name = Frameworks;
			sourceTree = "<group>";
		};
		83D34B02160E66900065EF6A /* Controllers */ = {
			isa = PBXGroup;
			children = (
				83ADD5FD116993AB00BF3809 /* bkkViewController.h */,
				83ADD5FE116993AB00BF3809 /* bkkViewController.m */,
				8366C16F1340523000D2B518 /* CalendarDetailViewController.h */,
				8366C1701340523000D2B518 /* CalendarDetailViewController.m */,
				832FB7A311BE0CCA0084909E /* CalendarViewController.h */,
				832FB7A411BE0CCA0084909E /* CalendarViewController.m */,
				83B7C5B61296E6E500A52BD9 /* FavoritesListViewController.h */,
				83B7C5B71296E6E500A52BD9 /* FavoritesListViewController.m */,
				8397065112F4AA6C00050E9E /* KamikazeViewController.h */,
				8397065212F4AA6C00050E9E /* KamikazeViewController.m */,
				8382983E116C69F600EE8539 /* SongDetailViewController.h */,
				8382983F116C69F600EE8539 /* SongDetailViewController.m */,
				83ADD62D116997AD00BF3809 /* SongListViewController.h */,
				83ADD62E116997AD00BF3809 /* SongListViewController.m */,
			);
			name = Controllers;
			sourceTree = "<group>";
		};
		83D34B03160E66F00065EF6A /* Models */ = {
			isa = PBXGroup;
			children = (
				8381B60E1169C65500B545AB /* Song.h */,
				8381B60F1169C65500B545AB /* Song.m */,
				832FB83B11BE200B0084909E /* Date.h */,
				832FB83C11BE200B0084909E /* Date.m */,
			);
			name = Models;
			sourceTree = "<group>";
		};
		83D34B04160E69610065EF6A /* Vendor */ = {
			isa = PBXGroup;
			children = (
				83D34B12160E6E8B0065EF6A /* AFNetworking */,
			);
			name = Vendor;
			sourceTree = "<group>";
		};
		83D34B12160E6E8B0065EF6A /* AFNetworking */ = {
			isa = PBXGroup;
			children = (
				83D34B13160E6E8B0065EF6A /* AFHTTPClient.h */,
				83D34B14160E6E8B0065EF6A /* AFHTTPClient.m */,
				83D34B15160E6E8B0065EF6A /* AFHTTPRequestOperation.h */,
				83D34B16160E6E8B0065EF6A /* AFHTTPRequestOperation.m */,
				83D34B17160E6E8B0065EF6A /* AFImageRequestOperation.h */,
				83D34B18160E6E8B0065EF6A /* AFImageRequestOperation.m */,
				83D34B19160E6E8B0065EF6A /* AFJSONRequestOperation.h */,
				83D34B1A160E6E8B0065EF6A /* AFJSONRequestOperation.m */,
				83D34B1B160E6E8B0065EF6A /* AFNetworkActivityIndicatorManager.h */,
				83D34B1C160E6E8B0065EF6A /* AFNetworkActivityIndicatorManager.m */,
				83D34B1D160E6E8B0065EF6A /* AFNetworking.h */,
				83D34B1E160E6E8B0065EF6A /* AFPropertyListRequestOperation.h */,
				83D34B1F160E6E8B0065EF6A /* AFPropertyListRequestOperation.m */,
				83D34B20160E6E8B0065EF6A /* AFURLConnectionOperation.h */,
				83D34B21160E6E8B0065EF6A /* AFURLConnectionOperation.m */,
				83D34B22160E6E8B0065EF6A /* AFXMLRequestOperation.h */,
				83D34B23160E6E8B0065EF6A /* AFXMLRequestOperation.m */,
				83D34B24160E6E8B0065EF6A /* UIImageView+AFNetworking.h */,
				83D34B25160E6E8B0065EF6A /* UIImageView+AFNetworking.m */,
			);
			path = AFNetworking;
			sourceTree = "<group>";
		};
		83FD5CA4160F9DDB007F28D4 /* Views */ = {
			isa = PBXGroup;
			children = (
				83ADD600116993E800BF3809 /* bkkViewController.xib */,
				8366C1711340523000D2B518 /* CalendarDetailViewController.xib */,
				83B7C5B81296E6E500A52BD9 /* FavoritesListViewController.xib */,
				8397065312F4AA6C00050E9E /* KamikazeViewController.xib */,
				83829840116C69F600EE8539 /* SongDetailViewController.xib */,
			);
			name = Views;
			sourceTree = "<group>";
		};
/* End PBXGroup section */

/* Begin PBXNativeTarget section */
		1D6058900D05DD3D006BFB54 /* baby ketten */ = {
			isa = PBXNativeTarget;
			buildConfigurationList = 1D6058960D05DD3E006BFB54 /* Build configuration list for PBXNativeTarget "baby ketten" */;
			buildPhases = (
				1D60588D0D05DD3D006BFB54 /* Resources */,
				1D60588E0D05DD3D006BFB54 /* Sources */,
				1D60588F0D05DD3D006BFB54 /* Frameworks */,
			);
			buildRules = (
			);
			dependencies = (
			);
			name = "baby ketten";
			productName = bkk;
			productReference = 1D6058910D05DD3D006BFB54 /* baby ketten.app */;
			productType = "com.apple.product-type.application";
		};
/* End PBXNativeTarget section */

/* Begin PBXProject section */
		29B97313FDCFA39411CA2CEA /* Project object */ = {
			isa = PBXProject;
			attributes = {
				LastUpgradeCheck = 0450;
			};
			buildConfigurationList = C01FCF4E08A954540054247B /* Build configuration list for PBXProject "Baby Ketten" */;
			compatibilityVersion = "Xcode 3.2";
			developmentRegion = English;
			hasScannedForEncodings = 1;
			knownRegions = (
				English,
				Japanese,
				French,
				German,
			);
			mainGroup = 29B97314FDCFA39411CA2CEA /* CustomTemplate */;
			projectDirPath = "";
			projectRoot = "";
			targets = (
				1D6058900D05DD3D006BFB54 /* baby ketten */,
			);
		};
/* End PBXProject section */

/* Begin PBXResourcesBuildPhase section */
		1D60588D0D05DD3D006BFB54 /* Resources */ = {
			isa = PBXResourcesBuildPhase;
			buildActionMask = 2147483647;
			files = (
				83ADD5FC1169939A00BF3809 /* bkklogobwtouchup.jpg in Resources */,
				83ADD601116993E800BF3809 /* bkkViewController.xib in Resources */,
				83829842116C69F600EE8539 /* SongDetailViewController.xib in Resources */,
				83F3CA5A11780BE00033611B /* bkk_vert_realcat.jpg in Resources */,
				83DA58AA121B96DD006804B8 /* kamikaze_ketten.png in Resources */,
				831BAF0A121EE00400A7AD86 /* kamikaze_ketten_background.png in Resources */,
				831BAF20121EE22900A7AD86 /* kamikaze_ketten_back_light.png in Resources */,
				831BAF3E121EE79200A7AD86 /* Icon.png in Resources */,
				831BAF40121EE7A300A7AD86 /* Icon@2x.png in Resources */,
				830F9355129597CF00282FC6 /* calendar@2x.png in Resources */,
				830F935F12959A2B00282FC6 /* calendar.png in Resources */,
				830F939112959BD100282FC6 /* mic.png in Resources */,
				830F939312959BE600282FC6 /* mic@2x.png in Resources */,
				83B7C5B31296E3D500A52BD9 /* inbox.png in Resources */,
				83B7C5B41296E3D500A52BD9 /* inbox@2x.png in Resources */,
				83B7C5BA1296E6E500A52BD9 /* FavoritesListViewController.xib in Resources */,
				83B7C5CE1296E84700A52BD9 /* comment.png in Resources */,
				83B7C5CF1296E84700A52BD9 /* comment@2x.png in Resources */,
				8311CA9912DA8641009093D9 /* latest_mews.png in Resources */,
				8397062812F4A20B00050E9E /* kamizake_icon@2x.png in Resources */,
				8397062912F4A20B00050E9E /* kamizake_icon.png in Resources */,
				8397063812F4A9BD00050E9E /* question.png in Resources */,
				8397063912F4A9BD00050E9E /* question@2x.png in Resources */,
				8397065512F4AA6C00050E9E /* KamikazeViewController.xib in Resources */,
				8366C1731340523000D2B518 /* CalendarDetailViewController.xib in Resources */,
				83305335137F28C9007943E8 /* PlainTableViewSectionHeader.png in Resources */,
				83305336137F28C9007943E8 /* PlainTableViewSectionHeader@2x.png in Resources */,
				8300C3CE137F613E00E45770 /* jumpinkettenicon@2x.png in Resources */,
				8300C3EB137F73BB00E45770 /* ketten_small.jpg in Resources */,
				834714291441048F00F4ADC5 /* bkk_logo_bw.jpeg in Resources */,
				8358DC94145B23A400FF0DD3 /* jumpinkettenicon.png in Resources */,
				839597A914A29D9900E8CB30 /* ketten_small_white@2x.png in Resources */,
				839597AA14A29D9900E8CB30 /* ketten_small_white.png in Resources */,
				834DE11A15DC83160050139B /* Settings.bundle in Resources */,
			);
			runOnlyForDeploymentPostprocessing = 0;
		};
/* End PBXResourcesBuildPhase section */

/* Begin PBXSourcesBuildPhase section */
		1D60588E0D05DD3D006BFB54 /* Sources */ = {
			isa = PBXSourcesBuildPhase;
			buildActionMask = 2147483647;
			files = (
				83D34B61160E74370065EF6A /* AFHTTPClient.m in Sources */,
				83D34B62160E74370065EF6A /* AFHTTPRequestOperation.m in Sources */,
				83D34B63160E74370065EF6A /* AFImageRequestOperation.m in Sources */,
				83D34B64160E74370065EF6A /* AFJSONRequestOperation.m in Sources */,
				83D34B65160E74370065EF6A /* AFNetworkActivityIndicatorManager.m in Sources */,
				83D34B66160E74370065EF6A /* AFPropertyListRequestOperation.m in Sources */,
				83D34B67160E74370065EF6A /* AFURLConnectionOperation.m in Sources */,
				83D34B68160E74370065EF6A /* AFXMLRequestOperation.m in Sources */,
				83D34B69160E74370065EF6A /* UIImageView+AFNetworking.m in Sources */,
				83D34B6A160E74370065EF6A /* Song.m in Sources */,
				83D34B6B160E74370065EF6A /* Date.m in Sources */,
				83D34B6C160E74370065EF6A /* SongDetailViewController.m in Sources */,
				83D34B6D160E74370065EF6A /* SongListViewController.m in Sources */,
				83D34B6E160E74370065EF6A /* bkkViewController.m in Sources */,
				83D34B6F160E74370065EF6A /* bkkAppDelegate.m in Sources */,
				83D34B70160E74370065EF6A /* CalendarViewController.m in Sources */,
				83D34B71160E74370065EF6A /* FavoritesListViewController.m in Sources */,
				83D34B72160E74370065EF6A /* KamikazeViewController.m in Sources */,
				83D34B73160E74370065EF6A /* CalendarDetailViewController.m in Sources */,
				83D34B74160E74370065EF6A /* main.m in Sources */,
			);
			runOnlyForDeploymentPostprocessing = 0;
		};
/* End PBXSourcesBuildPhase section */

/* Begin XCBuildConfiguration section */
		1D6058940D05DD3E006BFB54 /* Debug */ = {
			isa = XCBuildConfiguration;
			buildSettings = {
				ALWAYS_SEARCH_USER_PATHS = NO;
				CLANG_ENABLE_OBJC_ARC = YES;
				CODE_SIGN_IDENTITY = "iPhone Distribution: Christopher Schepman";
				"CODE_SIGN_IDENTITY[sdk=iphoneos*]" = "iPhone Developer";
				COPY_PHASE_STRIP = NO;
				FRAMEWORK_SEARCH_PATHS = "$(inherited)";
				GCC_DYNAMIC_NO_PIC = NO;
				GCC_OPTIMIZATION_LEVEL = 0;
				GCC_PRECOMPILE_PREFIX_HEADER = YES;
				GCC_PREFIX_HEADER = "baby ketten_Prefix.pch";
				INFOPLIST_FILE = "baby ketten-Info.plist";
				IPHONEOS_DEPLOYMENT_TARGET = 5.1;
				LIBRARY_SEARCH_PATHS = "$(inherited)";
				PRODUCT_NAME = "baby ketten";
				PROVISIONING_PROFILE = "7792BF38-73CB-4293-91EA-746839753F97";
				"PROVISIONING_PROFILE[sdk=iphoneos*]" = "";
				TARGETED_DEVICE_FAMILY = 1;
			};
			name = Debug;
		};
		1D6058950D05DD3E006BFB54 /* Release */ = {
			isa = XCBuildConfiguration;
			buildSettings = {
				ALWAYS_SEARCH_USER_PATHS = NO;
				CLANG_ENABLE_OBJC_ARC = YES;
				CODE_SIGN_IDENTITY = "iPhone Distribution: Christopher Schepman";
				"CODE_SIGN_IDENTITY[sdk=iphoneos*]" = "iPhone Developer: Christopher Schepman (9UY2RV34LS)";
				COPY_PHASE_STRIP = YES;
				FRAMEWORK_SEARCH_PATHS = "$(inherited)";
				GCC_PRECOMPILE_PREFIX_HEADER = YES;
				GCC_PREFIX_HEADER = "baby ketten_Prefix.pch";
				INFOPLIST_FILE = "baby ketten-Info.plist";
				IPHONEOS_DEPLOYMENT_TARGET = 5.1;
				LIBRARY_SEARCH_PATHS = "$(inherited)";
				PRODUCT_NAME = "baby ketten";
				PROVISIONING_PROFILE = "7792BF38-73CB-4293-91EA-746839753F97";
				"PROVISIONING_PROFILE[sdk=iphoneos*]" = "115E8248-9317-486E-BD0E-FF6841D23045";
				TARGETED_DEVICE_FAMILY = 1;
				VALIDATE_PRODUCT = YES;
			};
			name = Release;
		};
		8319EF801454B28F001B45CD /* Ad Hoc */ = {
			isa = XCBuildConfiguration;
			buildSettings = {
				ARCHS = "$(ARCHS_STANDARD_32_BIT)";
				CODE_SIGN_IDENTITY = "iPhone Distribution: Christopher Schepman";
				"CODE_SIGN_IDENTITY[sdk=iphoneos*]" = "iPhone Distribution: Christopher Schepman";
				GCC_C_LANGUAGE_STANDARD = c99;
				GCC_WARN_ABOUT_RETURN_TYPE = YES;
				GCC_WARN_UNUSED_VARIABLE = YES;
				HEADER_SEARCH_PATHS = "";
				IPHONEOS_DEPLOYMENT_TARGET = 5.1;
				OTHER_CFLAGS = "-DNS_BLOCK_ASSERTIONS=1";
				OTHER_LDFLAGS = "";
				PROVISIONING_PROFILE = "7792BF38-73CB-4293-91EA-746839753F97";
				"PROVISIONING_PROFILE[sdk=iphoneos*]" = "7792BF38-73CB-4293-91EA-746839753F97";
				SDKROOT = iphoneos;
			};
			name = "Ad Hoc";
		};
		8319EF811454B28F001B45CD /* Ad Hoc */ = {
			isa = XCBuildConfiguration;
			buildSettings = {
				ALWAYS_SEARCH_USER_PATHS = NO;
				CLANG_ENABLE_OBJC_ARC = YES;
				CODE_SIGN_IDENTITY = "iPhone Distribution: Christopher Schepman";
				"CODE_SIGN_IDENTITY[sdk=iphoneos*]" = "iPhone Distribution: Christopher Schepman";
				COPY_PHASE_STRIP = YES;
				FRAMEWORK_SEARCH_PATHS = "$(inherited)";
				GCC_PRECOMPILE_PREFIX_HEADER = YES;
				GCC_PREFIX_HEADER = "baby ketten_Prefix.pch";
				INFOPLIST_FILE = "baby ketten-Info.plist";
				IPHONEOS_DEPLOYMENT_TARGET = 5.1;
				LIBRARY_SEARCH_PATHS = "$(inherited)";
				PRODUCT_NAME = "baby ketten";
				PROVISIONING_PROFILE = "7792BF38-73CB-4293-91EA-746839753F97";
				"PROVISIONING_PROFILE[sdk=iphoneos*]" = "7792BF38-73CB-4293-91EA-746839753F97";
				TARGETED_DEVICE_FAMILY = 1;
				VALIDATE_PRODUCT = YES;
			};
			name = "Ad Hoc";
		};
		83326A0C118939F50012C57C /* Distribution */ = {
			isa = XCBuildConfiguration;
			buildSettings = {
				ARCHS = "$(ARCHS_STANDARD_32_BIT)";
				CODE_SIGN_IDENTITY = "iPhone Distribution: Christopher Schepman";
				"CODE_SIGN_IDENTITY[sdk=iphoneos*]" = "iPhone Developer: Christopher Schepman (9UY2RV34LS)";
				GCC_C_LANGUAGE_STANDARD = c99;
				GCC_WARN_ABOUT_RETURN_TYPE = YES;
				GCC_WARN_UNUSED_VARIABLE = YES;
				IPHONEOS_DEPLOYMENT_TARGET = 5.1;
				OTHER_CFLAGS = "-DNS_BLOCK_ASSERTIONS=1";
				OTHER_LDFLAGS = "";
				PROVISIONING_PROFILE = "7792BF38-73CB-4293-91EA-746839753F97";
				"PROVISIONING_PROFILE[sdk=iphoneos*]" = "E687FEB1-BCEF-4906-9A24-228F06C521CC";
				SDKROOT = iphoneos;
			};
			name = Distribution;
		};
		83326A0D118939F50012C57C /* Distribution */ = {
			isa = XCBuildConfiguration;
			buildSettings = {
				ALWAYS_SEARCH_USER_PATHS = NO;
				CLANG_ENABLE_OBJC_ARC = YES;
				CODE_SIGN_IDENTITY = "iPhone Distribution: Christopher Schepman";
				"CODE_SIGN_IDENTITY[sdk=iphoneos*]" = "iPhone Distribution: Christopher Schepman";
				COPY_PHASE_STRIP = YES;
				FRAMEWORK_SEARCH_PATHS = "$(inherited)";
				GCC_PRECOMPILE_PREFIX_HEADER = YES;
				GCC_PREFIX_HEADER = "baby ketten_Prefix.pch";
				INFOPLIST_FILE = "baby ketten-Info.plist";
				IPHONEOS_DEPLOYMENT_TARGET = 5.1;
				LIBRARY_SEARCH_PATHS = "$(inherited)";
				PRODUCT_NAME = "baby ketten";
				PROVISIONING_PROFILE = "7792BF38-73CB-4293-91EA-746839753F97";
				"PROVISIONING_PROFILE[sdk=iphoneos*]" = "4B562FA2-9230-4C53-BEEC-81442DD808FE";
				TARGETED_DEVICE_FAMILY = 1;
				VALIDATE_PRODUCT = YES;
			};
			name = Distribution;
		};
		C01FCF4F08A954540054247B /* Debug */ = {
			isa = XCBuildConfiguration;
			buildSettings = {
				ARCHS = "$(ARCHS_STANDARD_32_BIT)";
				CODE_SIGN_IDENTITY = "iPhone Distribution: Christopher Schepman";
				"CODE_SIGN_IDENTITY[sdk=iphoneos*]" = "iPhone Developer";
				GCC_C_LANGUAGE_STANDARD = c99;
				GCC_WARN_ABOUT_RETURN_TYPE = YES;
				GCC_WARN_UNUSED_VARIABLE = YES;
				HEADER_SEARCH_PATHS = "";
				IPHONEOS_DEPLOYMENT_TARGET = 5.1;
				OTHER_CFLAGS = "";
				OTHER_LDFLAGS = "";
				PROVISIONING_PROFILE = "7792BF38-73CB-4293-91EA-746839753F97";
				"PROVISIONING_PROFILE[sdk=iphoneos*]" = "";
				SDKROOT = iphoneos;
			};
			name = Debug;
		};
		C01FCF5008A954540054247B /* Release */ = {
			isa = XCBuildConfiguration;
			buildSettings = {
				ARCHS = "$(ARCHS_STANDARD_32_BIT)";
				CODE_SIGN_IDENTITY = "iPhone Distribution: Christopher Schepman";
				"CODE_SIGN_IDENTITY[sdk=iphoneos*]" = "iPhone Developer: Christopher Schepman (9UY2RV34LS)";
				GCC_C_LANGUAGE_STANDARD = c99;
				GCC_WARN_ABOUT_RETURN_TYPE = YES;
				GCC_WARN_UNUSED_VARIABLE = YES;
				HEADER_SEARCH_PATHS = "";
				IPHONEOS_DEPLOYMENT_TARGET = 5.1;
				OTHER_CFLAGS = "-DNS_BLOCK_ASSERTIONS=1";
				OTHER_LDFLAGS = "";
				PROVISIONING_PROFILE = "7792BF38-73CB-4293-91EA-746839753F97";
				"PROVISIONING_PROFILE[sdk=iphoneos*]" = "E687FEB1-BCEF-4906-9A24-228F06C521CC";
				SDKROOT = iphoneos;
			};
			name = Release;
		};
/* End XCBuildConfiguration section */

/* Begin XCConfigurationList section */
		1D6058960D05DD3E006BFB54 /* Build configuration list for PBXNativeTarget "baby ketten" */ = {
			isa = XCConfigurationList;
			buildConfigurations = (
				1D6058940D05DD3E006BFB54 /* Debug */,
				1D6058950D05DD3E006BFB54 /* Release */,
				8319EF811454B28F001B45CD /* Ad Hoc */,
				83326A0D118939F50012C57C /* Distribution */,
			);
			defaultConfigurationIsVisible = 0;
			defaultConfigurationName = Release;
		};
		C01FCF4E08A954540054247B /* Build configuration list for PBXProject "Baby Ketten" */ = {
			isa = XCConfigurationList;
			buildConfigurations = (
				C01FCF4F08A954540054247B /* Debug */,
				C01FCF5008A954540054247B /* Release */,
				8319EF801454B28F001B45CD /* Ad Hoc */,
				83326A0C118939F50012C57C /* Distribution */,
			);
			defaultConfigurationIsVisible = 0;
			defaultConfigurationName = Release;
		};
/* End XCConfigurationList section */
	};
	rootObject = 29B97313FDCFA39411CA2CEA /* Project object */;
}
