// !$*UTF8*$!
{
	archiveVersion = 1;
	classes = {
	};
	objectVersion = 46;
	objects = {

/* Begin PBXBuildFile section */
		1D3623260D0F684500981E51 /* bkkAppDelegate.m in Sources */ = {isa = PBXBuildFile; fileRef = 1D3623250D0F684500981E51 /* bkkAppDelegate.m */; };
		1D60589B0D05DD56006BFB54 /* main.m in Sources */ = {isa = PBXBuildFile; fileRef = 29B97316FDCFA39411CA2CEA /* main.m */; };
		1D60589F0D05DD5A006BFB54 /* Foundation.framework in Frameworks */ = {isa = PBXBuildFile; fileRef = 1D30AB110D05D00D00671497 /* Foundation.framework */; };
		1DF5F4E00D08C38300B7A737 /* UIKit.framework in Frameworks */ = {isa = PBXBuildFile; fileRef = 1DF5F4DF0D08C38300B7A737 /* UIKit.framework */; };
		288765FD0DF74451002DB57D /* CoreGraphics.framework in Frameworks */ = {isa = PBXBuildFile; fileRef = 288765FC0DF74451002DB57D /* CoreGraphics.framework */; };
		28AD733F0D9D9553002E5188 /* MainWindow.xib in Resources */ = {isa = PBXBuildFile; fileRef = 28AD733E0D9D9553002E5188 /* MainWindow.xib */; };
		8300C3CE137F613E00E45770 /* jumpinkettenicon@2x.png in Resources */ = {isa = PBXBuildFile; fileRef = 8300C3CD137F613E00E45770 /* jumpinkettenicon@2x.png */; };
		8300C3E3137F62C200E45770 /* BSAddressComponent.m in Sources */ = {isa = PBXBuildFile; fileRef = 8300C3DA137F62C200E45770 /* BSAddressComponent.m */; };
		8300C3E4137F62C200E45770 /* BSForwardGeocoder.m in Sources */ = {isa = PBXBuildFile; fileRef = 8300C3DC137F62C200E45770 /* BSForwardGeocoder.m */; };
		8300C3E5137F62C200E45770 /* BSGoogleV2KmlParser.m in Sources */ = {isa = PBXBuildFile; fileRef = 8300C3DE137F62C200E45770 /* BSGoogleV2KmlParser.m */; };
		8300C3E6137F62C200E45770 /* BSGoogleV3KmlParser.m in Sources */ = {isa = PBXBuildFile; fileRef = 8300C3E0137F62C200E45770 /* BSGoogleV3KmlParser.m */; };
		8300C3E7137F62C200E45770 /* BSKmlResult.m in Sources */ = {isa = PBXBuildFile; fileRef = 8300C3E2137F62C200E45770 /* BSKmlResult.m */; };
		8300C3EB137F73BB00E45770 /* ketten_small.jpg in Resources */ = {isa = PBXBuildFile; fileRef = 8300C3EA137F73BA00E45770 /* ketten_small.jpg */; };
		830F9355129597CF00282FC6 /* calendar@2x.png in Resources */ = {isa = PBXBuildFile; fileRef = 830F9354129597CF00282FC6 /* calendar@2x.png */; };
		830F935F12959A2B00282FC6 /* calendar.png in Resources */ = {isa = PBXBuildFile; fileRef = 830F935E12959A2B00282FC6 /* calendar.png */; };
		830F939112959BD100282FC6 /* mic.png in Resources */ = {isa = PBXBuildFile; fileRef = 830F939012959BD100282FC6 /* mic.png */; };
		830F939312959BE600282FC6 /* mic@2x.png in Resources */ = {isa = PBXBuildFile; fileRef = 830F939212959BE600282FC6 /* mic@2x.png */; };
		8311CA9912DA8641009093D9 /* latest_mews.png in Resources */ = {isa = PBXBuildFile; fileRef = 8311CA9812DA8641009093D9 /* latest_mews.png */; };
		831BAF0A121EE00400A7AD86 /* kamikaze_ketten_background.png in Resources */ = {isa = PBXBuildFile; fileRef = 831BAF09121EE00400A7AD86 /* kamikaze_ketten_background.png */; };
		831BAF20121EE22900A7AD86 /* kamikaze_ketten_back_light.png in Resources */ = {isa = PBXBuildFile; fileRef = 831BAF1F121EE22900A7AD86 /* kamikaze_ketten_back_light.png */; };
		831BAF3E121EE79200A7AD86 /* Icon.png in Resources */ = {isa = PBXBuildFile; fileRef = 831BAF3D121EE79200A7AD86 /* Icon.png */; };
		831BAF40121EE7A300A7AD86 /* Icon@2x.png in Resources */ = {isa = PBXBuildFile; fileRef = 831BAF3F121EE7A300A7AD86 /* Icon@2x.png */; };
		832FB7A611BE0CCA0084909E /* CalendarViewController.m in Sources */ = {isa = PBXBuildFile; fileRef = 832FB7A411BE0CCA0084909E /* CalendarViewController.m */; };
		832FB83D11BE200B0084909E /* Date.m in Sources */ = {isa = PBXBuildFile; fileRef = 832FB83C11BE200B0084909E /* Date.m */; };
		83305335137F28C9007943E8 /* PlainTableViewSectionHeader.png in Resources */ = {isa = PBXBuildFile; fileRef = 83305333137F28C9007943E8 /* PlainTableViewSectionHeader.png */; };
		83305336137F28C9007943E8 /* PlainTableViewSectionHeader@2x.png in Resources */ = {isa = PBXBuildFile; fileRef = 83305334137F28C9007943E8 /* PlainTableViewSectionHeader@2x.png */; };
		834714291441048F00F4ADC5 /* bkk_logo_bw.jpeg in Resources */ = {isa = PBXBuildFile; fileRef = 834714281441048F00F4ADC5 /* bkk_logo_bw.jpeg */; };
		834A5A501465C18A00C87455 /* CoolButton.m in Sources */ = {isa = PBXBuildFile; fileRef = 834A5A4F1465C18A00C87455 /* CoolButton.m */; };
		834A5A521465C1E800C87455 /* QuartzCore.framework in Frameworks */ = {isa = PBXBuildFile; fileRef = 834A5A511465C1E800C87455 /* QuartzCore.framework */; };
		8358DC94145B23A400FF0DD3 /* jumpinkettenicon.png in Resources */ = {isa = PBXBuildFile; fileRef = 8358DC93145B23A400FF0DD3 /* jumpinkettenicon.png */; };
		8366C1721340523000D2B518 /* CalendarDetailViewController.m in Sources */ = {isa = PBXBuildFile; fileRef = 8366C1701340523000D2B518 /* CalendarDetailViewController.m */; };
		8366C1731340523000D2B518 /* CalendarDetailViewController.xib in Resources */ = {isa = PBXBuildFile; fileRef = 8366C1711340523000D2B518 /* CalendarDetailViewController.xib */; };
		8366C1761340F8DB00D2B518 /* MapKit.framework in Frameworks */ = {isa = PBXBuildFile; fileRef = 8366C1751340F8DB00D2B518 /* MapKit.framework */; settings = {ATTRIBUTES = (Required, ); }; };
		8366C1781341012000D2B518 /* CoreLocation.framework in Frameworks */ = {isa = PBXBuildFile; fileRef = 8366C1771341012000D2B518 /* CoreLocation.framework */; };
		8381B5B91169BF0100B545AB /* NSObject+SBJSON.m in Sources */ = {isa = PBXBuildFile; fileRef = 8381B5AE1169BF0100B545AB /* NSObject+SBJSON.m */; };
		8381B5BA1169BF0100B545AB /* NSString+SBJSON.m in Sources */ = {isa = PBXBuildFile; fileRef = 8381B5B01169BF0100B545AB /* NSString+SBJSON.m */; };
		8381B5BB1169BF0100B545AB /* SBJSON.m in Sources */ = {isa = PBXBuildFile; fileRef = 8381B5B21169BF0100B545AB /* SBJSON.m */; };
		8381B5BC1169BF0100B545AB /* SBJsonBase.m in Sources */ = {isa = PBXBuildFile; fileRef = 8381B5B41169BF0100B545AB /* SBJsonBase.m */; };
		8381B5BD1169BF0100B545AB /* SBJsonParser.m in Sources */ = {isa = PBXBuildFile; fileRef = 8381B5B61169BF0100B545AB /* SBJsonParser.m */; };
		8381B5BE1169BF0100B545AB /* SBJsonWriter.m in Sources */ = {isa = PBXBuildFile; fileRef = 8381B5B81169BF0100B545AB /* SBJsonWriter.m */; };
		8381B6101169C65500B545AB /* Song.m in Sources */ = {isa = PBXBuildFile; fileRef = 8381B60F1169C65500B545AB /* Song.m */; };
		83829841116C69F600EE8539 /* SongDetailViewController.m in Sources */ = {isa = PBXBuildFile; fileRef = 8382983F116C69F600EE8539 /* SongDetailViewController.m */; };
		83829842116C69F600EE8539 /* SongDetailViewController.xib in Resources */ = {isa = PBXBuildFile; fileRef = 83829840116C69F600EE8539 /* SongDetailViewController.xib */; };
		8397062812F4A20B00050E9E /* kamizake_icon@2x.png in Resources */ = {isa = PBXBuildFile; fileRef = 8397062612F4A20B00050E9E /* kamizake_icon@2x.png */; };
		8397062912F4A20B00050E9E /* kamizake_icon.png in Resources */ = {isa = PBXBuildFile; fileRef = 8397062712F4A20B00050E9E /* kamizake_icon.png */; };
		8397063812F4A9BD00050E9E /* question.png in Resources */ = {isa = PBXBuildFile; fileRef = 8397063612F4A9BD00050E9E /* question.png */; };
		8397063912F4A9BD00050E9E /* question@2x.png in Resources */ = {isa = PBXBuildFile; fileRef = 8397063712F4A9BD00050E9E /* question@2x.png */; };
		8397065412F4AA6C00050E9E /* KamikazeViewController.m in Sources */ = {isa = PBXBuildFile; fileRef = 8397065212F4AA6C00050E9E /* KamikazeViewController.m */; };
		8397065512F4AA6C00050E9E /* KamikazeViewController.xib in Resources */ = {isa = PBXBuildFile; fileRef = 8397065312F4AA6C00050E9E /* KamikazeViewController.xib */; };
		83ADD5FC1169939A00BF3809 /* bkklogobwtouchup.jpg in Resources */ = {isa = PBXBuildFile; fileRef = 83ADD5FB1169939A00BF3809 /* bkklogobwtouchup.jpg */; };
		83ADD5FF116993AB00BF3809 /* bkkViewController.m in Sources */ = {isa = PBXBuildFile; fileRef = 83ADD5FE116993AB00BF3809 /* bkkViewController.m */; };
		83ADD601116993E800BF3809 /* bkkViewController.xib in Resources */ = {isa = PBXBuildFile; fileRef = 83ADD600116993E800BF3809 /* bkkViewController.xib */; };
		83ADD630116997AD00BF3809 /* SongListViewController.m in Sources */ = {isa = PBXBuildFile; fileRef = 83ADD62E116997AD00BF3809 /* SongListViewController.m */; };
		83B47B99117A7CAD005ADAF3 /* VCTitleCase.m in Sources */ = {isa = PBXBuildFile; fileRef = 83B47B98117A7CAD005ADAF3 /* VCTitleCase.m */; };
		83B7C5B31296E3D500A52BD9 /* inbox.png in Resources */ = {isa = PBXBuildFile; fileRef = 83B7C5B11296E3D500A52BD9 /* inbox.png */; };
		83B7C5B41296E3D500A52BD9 /* inbox@2x.png in Resources */ = {isa = PBXBuildFile; fileRef = 83B7C5B21296E3D500A52BD9 /* inbox@2x.png */; };
		83B7C5B91296E6E500A52BD9 /* FavoritesListViewController.m in Sources */ = {isa = PBXBuildFile; fileRef = 83B7C5B71296E6E500A52BD9 /* FavoritesListViewController.m */; };
		83B7C5BA1296E6E500A52BD9 /* FavoritesListViewController.xib in Resources */ = {isa = PBXBuildFile; fileRef = 83B7C5B81296E6E500A52BD9 /* FavoritesListViewController.xib */; };
		83B7C5CE1296E84700A52BD9 /* comment.png in Resources */ = {isa = PBXBuildFile; fileRef = 83B7C5CC1296E84700A52BD9 /* comment.png */; };
		83B7C5CF1296E84700A52BD9 /* comment@2x.png in Resources */ = {isa = PBXBuildFile; fileRef = 83B7C5CD1296E84700A52BD9 /* comment@2x.png */; };
		83DA582A121B7A87006804B8 /* LyricsWebViewController.m in Sources */ = {isa = PBXBuildFile; fileRef = 83DA5828121B7A87006804B8 /* LyricsWebViewController.m */; };
		83DA582B121B7A87006804B8 /* LyricsWebViewController.xib in Resources */ = {isa = PBXBuildFile; fileRef = 83DA5829121B7A87006804B8 /* LyricsWebViewController.xib */; };
		83DA58AA121B96DD006804B8 /* kamikaze_ketten.png in Resources */ = {isa = PBXBuildFile; fileRef = 83DA58A9121B96DD006804B8 /* kamikaze_ketten.png */; };
		83F3CA5A11780BE00033611B /* bkk_vert_realcat.jpg in Resources */ = {isa = PBXBuildFile; fileRef = 83F3CA5511780BE00033611B /* bkk_vert_realcat.jpg */; };
		83FD939D126A3E360041513F /* TwitterViewController.m in Sources */ = {isa = PBXBuildFile; fileRef = 83FD939B126A3E360041513F /* TwitterViewController.m */; };
		83FD939E126A3E360041513F /* TwitterViewController.xib in Resources */ = {isa = PBXBuildFile; fileRef = 83FD939C126A3E360041513F /* TwitterViewController.xib */; };
/* End PBXBuildFile section */

/* Begin PBXFileReference section */
		1D30AB110D05D00D00671497 /* Foundation.framework */ = {isa = PBXFileReference; lastKnownFileType = wrapper.framework; name = Foundation.framework; path = System/Library/Frameworks/Foundation.framework; sourceTree = SDKROOT; };
		1D3623240D0F684500981E51 /* bkkAppDelegate.h */ = {isa = PBXFileReference; fileEncoding = 4; lastKnownFileType = sourcecode.c.h; path = bkkAppDelegate.h; sourceTree = "<group>"; };
		1D3623250D0F684500981E51 /* bkkAppDelegate.m */ = {isa = PBXFileReference; fileEncoding = 4; lastKnownFileType = sourcecode.c.objc; path = bkkAppDelegate.m; sourceTree = "<group>"; };
		1D6058910D05DD3D006BFB54 /* baby ketten.app */ = {isa = PBXFileReference; explicitFileType = wrapper.application; includeInIndex = 0; path = "baby ketten.app"; sourceTree = BUILT_PRODUCTS_DIR; };
		1DF5F4DF0D08C38300B7A737 /* UIKit.framework */ = {isa = PBXFileReference; lastKnownFileType = wrapper.framework; name = UIKit.framework; path = System/Library/Frameworks/UIKit.framework; sourceTree = SDKROOT; };
		288765FC0DF74451002DB57D /* CoreGraphics.framework */ = {isa = PBXFileReference; lastKnownFileType = wrapper.framework; name = CoreGraphics.framework; path = System/Library/Frameworks/CoreGraphics.framework; sourceTree = SDKROOT; };
		28AD733E0D9D9553002E5188 /* MainWindow.xib */ = {isa = PBXFileReference; lastKnownFileType = file.xib; name = MainWindow.xib; path = ../MainWindow.xib; sourceTree = "<group>"; };
		29B97316FDCFA39411CA2CEA /* main.m */ = {isa = PBXFileReference; fileEncoding = 4; lastKnownFileType = sourcecode.c.objc; path = main.m; sourceTree = "<group>"; };
		8300C3CD137F613E00E45770 /* jumpinkettenicon@2x.png */ = {isa = PBXFileReference; lastKnownFileType = image.png; path = "jumpinkettenicon@2x.png"; sourceTree = "<group>"; };
		8300C3D9137F62C200E45770 /* BSAddressComponent.h */ = {isa = PBXFileReference; fileEncoding = 4; lastKnownFileType = sourcecode.c.h; path = BSAddressComponent.h; sourceTree = "<group>"; };
		8300C3DA137F62C200E45770 /* BSAddressComponent.m */ = {isa = PBXFileReference; fileEncoding = 4; lastKnownFileType = sourcecode.c.objc; path = BSAddressComponent.m; sourceTree = "<group>"; };
		8300C3DB137F62C200E45770 /* BSForwardGeocoder.h */ = {isa = PBXFileReference; fileEncoding = 4; lastKnownFileType = sourcecode.c.h; path = BSForwardGeocoder.h; sourceTree = "<group>"; };
		8300C3DC137F62C200E45770 /* BSForwardGeocoder.m */ = {isa = PBXFileReference; fileEncoding = 4; lastKnownFileType = sourcecode.c.objc; path = BSForwardGeocoder.m; sourceTree = "<group>"; };
		8300C3DD137F62C200E45770 /* BSGoogleV2KmlParser.h */ = {isa = PBXFileReference; fileEncoding = 4; lastKnownFileType = sourcecode.c.h; path = BSGoogleV2KmlParser.h; sourceTree = "<group>"; };
		8300C3DE137F62C200E45770 /* BSGoogleV2KmlParser.m */ = {isa = PBXFileReference; fileEncoding = 4; lastKnownFileType = sourcecode.c.objc; path = BSGoogleV2KmlParser.m; sourceTree = "<group>"; };
		8300C3DF137F62C200E45770 /* BSGoogleV3KmlParser.h */ = {isa = PBXFileReference; fileEncoding = 4; lastKnownFileType = sourcecode.c.h; path = BSGoogleV3KmlParser.h; sourceTree = "<group>"; };
		8300C3E0137F62C200E45770 /* BSGoogleV3KmlParser.m */ = {isa = PBXFileReference; fileEncoding = 4; lastKnownFileType = sourcecode.c.objc; path = BSGoogleV3KmlParser.m; sourceTree = "<group>"; };
		8300C3E1137F62C200E45770 /* BSKmlResult.h */ = {isa = PBXFileReference; fileEncoding = 4; lastKnownFileType = sourcecode.c.h; path = BSKmlResult.h; sourceTree = "<group>"; };
		8300C3E2137F62C200E45770 /* BSKmlResult.m */ = {isa = PBXFileReference; fileEncoding = 4; lastKnownFileType = sourcecode.c.objc; path = BSKmlResult.m; sourceTree = "<group>"; };
		8300C3EA137F73BA00E45770 /* ketten_small.jpg */ = {isa = PBXFileReference; lastKnownFileType = image.jpeg; path = ketten_small.jpg; sourceTree = "<group>"; };
		830F9354129597CF00282FC6 /* calendar@2x.png */ = {isa = PBXFileReference; lastKnownFileType = image.png; path = "calendar@2x.png"; sourceTree = "<group>"; };
		830F935E12959A2B00282FC6 /* calendar.png */ = {isa = PBXFileReference; lastKnownFileType = image.png; path = calendar.png; sourceTree = "<group>"; };
		830F939012959BD100282FC6 /* mic.png */ = {isa = PBXFileReference; lastKnownFileType = image.png; path = mic.png; sourceTree = "<group>"; };
		830F939212959BE600282FC6 /* mic@2x.png */ = {isa = PBXFileReference; lastKnownFileType = image.png; path = "mic@2x.png"; sourceTree = "<group>"; };
		8311CA9812DA8641009093D9 /* latest_mews.png */ = {isa = PBXFileReference; lastKnownFileType = image.png; path = latest_mews.png; sourceTree = "<group>"; };
		831BAF09121EE00400A7AD86 /* kamikaze_ketten_background.png */ = {isa = PBXFileReference; lastKnownFileType = image.png; path = kamikaze_ketten_background.png; sourceTree = "<group>"; };
		831BAF1F121EE22900A7AD86 /* kamikaze_ketten_back_light.png */ = {isa = PBXFileReference; lastKnownFileType = image.png; path = kamikaze_ketten_back_light.png; sourceTree = "<group>"; };
		831BAF29121EE71600A7AD86 /* Icon-72.png */ = {isa = PBXFileReference; lastKnownFileType = image.png; path = "Icon-72.png"; sourceTree = "<group>"; };
		831BAF2A121EE71600A7AD86 /* Icon-Small-50.png */ = {isa = PBXFileReference; lastKnownFileType = image.png; path = "Icon-Small-50.png"; sourceTree = "<group>"; };
		831BAF2B121EE71600A7AD86 /* Icon-Small.png */ = {isa = PBXFileReference; lastKnownFileType = image.png; path = "Icon-Small.png"; sourceTree = "<group>"; };
		831BAF2C121EE71600A7AD86 /* Icon-Small@2x.png */ = {isa = PBXFileReference; lastKnownFileType = image.png; path = "Icon-Small@2x.png"; sourceTree = "<group>"; };
		831BAF3D121EE79200A7AD86 /* Icon.png */ = {isa = PBXFileReference; lastKnownFileType = image.png; path = Icon.png; sourceTree = "<group>"; };
		831BAF3F121EE7A300A7AD86 /* Icon@2x.png */ = {isa = PBXFileReference; lastKnownFileType = image.png; path = "Icon@2x.png"; sourceTree = "<group>"; };
		832FB7A311BE0CCA0084909E /* CalendarViewController.h */ = {isa = PBXFileReference; fileEncoding = 4; lastKnownFileType = sourcecode.c.h; path = CalendarViewController.h; sourceTree = "<group>"; };
		832FB7A411BE0CCA0084909E /* CalendarViewController.m */ = {isa = PBXFileReference; fileEncoding = 4; lastKnownFileType = sourcecode.c.objc; path = CalendarViewController.m; sourceTree = "<group>"; };
		832FB83B11BE200B0084909E /* Date.h */ = {isa = PBXFileReference; fileEncoding = 4; lastKnownFileType = sourcecode.c.h; path = Date.h; sourceTree = "<group>"; };
		832FB83C11BE200B0084909E /* Date.m */ = {isa = PBXFileReference; fileEncoding = 4; lastKnownFileType = sourcecode.c.objc; path = Date.m; sourceTree = "<group>"; };
		83305333137F28C9007943E8 /* PlainTableViewSectionHeader.png */ = {isa = PBXFileReference; lastKnownFileType = image.png; path = PlainTableViewSectionHeader.png; sourceTree = "<group>"; };
		83305334137F28C9007943E8 /* PlainTableViewSectionHeader@2x.png */ = {isa = PBXFileReference; lastKnownFileType = image.png; path = "PlainTableViewSectionHeader@2x.png"; sourceTree = "<group>"; };
		834714281441048F00F4ADC5 /* bkk_logo_bw.jpeg */ = {isa = PBXFileReference; lastKnownFileType = image.jpeg; path = bkk_logo_bw.jpeg; sourceTree = "<group>"; };
		834A5A4E1465C18A00C87455 /* CoolButton.h */ = {isa = PBXFileReference; fileEncoding = 4; lastKnownFileType = sourcecode.c.h; path = CoolButton.h; sourceTree = "<group>"; };
		834A5A4F1465C18A00C87455 /* CoolButton.m */ = {isa = PBXFileReference; fileEncoding = 4; lastKnownFileType = sourcecode.c.objc; path = CoolButton.m; sourceTree = "<group>"; };
		834A5A511465C1E800C87455 /* QuartzCore.framework */ = {isa = PBXFileReference; lastKnownFileType = wrapper.framework; name = QuartzCore.framework; path = System/Library/Frameworks/QuartzCore.framework; sourceTree = SDKROOT; };
		8358DC93145B23A400FF0DD3 /* jumpinkettenicon.png */ = {isa = PBXFileReference; lastKnownFileType = image.png; path = jumpinkettenicon.png; sourceTree = "<group>"; };
		8366C16F1340523000D2B518 /* CalendarDetailViewController.h */ = {isa = PBXFileReference; fileEncoding = 4; lastKnownFileType = sourcecode.c.h; path = CalendarDetailViewController.h; sourceTree = "<group>"; };
		8366C1701340523000D2B518 /* CalendarDetailViewController.m */ = {isa = PBXFileReference; fileEncoding = 4; lastKnownFileType = sourcecode.c.objc; path = CalendarDetailViewController.m; sourceTree = "<group>"; };
		8366C1711340523000D2B518 /* CalendarDetailViewController.xib */ = {isa = PBXFileReference; fileEncoding = 4; lastKnownFileType = file.xib; path = CalendarDetailViewController.xib; sourceTree = "<group>"; };
		8366C1751340F8DB00D2B518 /* MapKit.framework */ = {isa = PBXFileReference; lastKnownFileType = wrapper.framework; name = MapKit.framework; path = System/Library/Frameworks/MapKit.framework; sourceTree = SDKROOT; };
		8366C1771341012000D2B518 /* CoreLocation.framework */ = {isa = PBXFileReference; lastKnownFileType = wrapper.framework; name = CoreLocation.framework; path = System/Library/Frameworks/CoreLocation.framework; sourceTree = SDKROOT; };
		8381B5AC1169BF0100B545AB /* JSON.h */ = {isa = PBXFileReference; fileEncoding = 4; lastKnownFileType = sourcecode.c.h; path = JSON.h; sourceTree = "<group>"; };
		8381B5AD1169BF0100B545AB /* NSObject+SBJSON.h */ = {isa = PBXFileReference; fileEncoding = 4; lastKnownFileType = sourcecode.c.h; path = "NSObject+SBJSON.h"; sourceTree = "<group>"; };
		8381B5AE1169BF0100B545AB /* NSObject+SBJSON.m */ = {isa = PBXFileReference; fileEncoding = 4; lastKnownFileType = sourcecode.c.objc; path = "NSObject+SBJSON.m"; sourceTree = "<group>"; };
		8381B5AF1169BF0100B545AB /* NSString+SBJSON.h */ = {isa = PBXFileReference; fileEncoding = 4; lastKnownFileType = sourcecode.c.h; path = "NSString+SBJSON.h"; sourceTree = "<group>"; };
		8381B5B01169BF0100B545AB /* NSString+SBJSON.m */ = {isa = PBXFileReference; fileEncoding = 4; lastKnownFileType = sourcecode.c.objc; path = "NSString+SBJSON.m"; sourceTree = "<group>"; };
		8381B5B11169BF0100B545AB /* SBJSON.h */ = {isa = PBXFileReference; fileEncoding = 4; lastKnownFileType = sourcecode.c.h; path = SBJSON.h; sourceTree = "<group>"; };
		8381B5B21169BF0100B545AB /* SBJSON.m */ = {isa = PBXFileReference; fileEncoding = 4; lastKnownFileType = sourcecode.c.objc; path = SBJSON.m; sourceTree = "<group>"; };
		8381B5B31169BF0100B545AB /* SBJsonBase.h */ = {isa = PBXFileReference; fileEncoding = 4; lastKnownFileType = sourcecode.c.h; path = SBJsonBase.h; sourceTree = "<group>"; };
		8381B5B41169BF0100B545AB /* SBJsonBase.m */ = {isa = PBXFileReference; fileEncoding = 4; lastKnownFileType = sourcecode.c.objc; path = SBJsonBase.m; sourceTree = "<group>"; };
		8381B5B51169BF0100B545AB /* SBJsonParser.h */ = {isa = PBXFileReference; fileEncoding = 4; lastKnownFileType = sourcecode.c.h; path = SBJsonParser.h; sourceTree = "<group>"; };
		8381B5B61169BF0100B545AB /* SBJsonParser.m */ = {isa = PBXFileReference; fileEncoding = 4; lastKnownFileType = sourcecode.c.objc; path = SBJsonParser.m; sourceTree = "<group>"; };
		8381B5B71169BF0100B545AB /* SBJsonWriter.h */ = {isa = PBXFileReference; fileEncoding = 4; lastKnownFileType = sourcecode.c.h; path = SBJsonWriter.h; sourceTree = "<group>"; };
		8381B5B81169BF0100B545AB /* SBJsonWriter.m */ = {isa = PBXFileReference; fileEncoding = 4; lastKnownFileType = sourcecode.c.objc; path = SBJsonWriter.m; sourceTree = "<group>"; };
		8381B60E1169C65500B545AB /* Song.h */ = {isa = PBXFileReference; fileEncoding = 4; lastKnownFileType = sourcecode.c.h; path = Song.h; sourceTree = "<group>"; };
		8381B60F1169C65500B545AB /* Song.m */ = {isa = PBXFileReference; fileEncoding = 4; lastKnownFileType = sourcecode.c.objc; path = Song.m; sourceTree = "<group>"; };
		8382983E116C69F600EE8539 /* SongDetailViewController.h */ = {isa = PBXFileReference; fileEncoding = 4; lastKnownFileType = sourcecode.c.h; path = SongDetailViewController.h; sourceTree = "<group>"; };
		8382983F116C69F600EE8539 /* SongDetailViewController.m */ = {isa = PBXFileReference; fileEncoding = 4; lastKnownFileType = sourcecode.c.objc; path = SongDetailViewController.m; sourceTree = "<group>"; };
		83829840116C69F600EE8539 /* SongDetailViewController.xib */ = {isa = PBXFileReference; lastKnownFileType = file.xib; path = SongDetailViewController.xib; sourceTree = "<group>"; };
		8397062612F4A20B00050E9E /* kamizake_icon@2x.png */ = {isa = PBXFileReference; lastKnownFileType = image.png; path = "kamizake_icon@2x.png"; sourceTree = "<group>"; };
		8397062712F4A20B00050E9E /* kamizake_icon.png */ = {isa = PBXFileReference; lastKnownFileType = image.png; path = kamizake_icon.png; sourceTree = "<group>"; };
		8397063612F4A9BD00050E9E /* question.png */ = {isa = PBXFileReference; lastKnownFileType = image.png; path = question.png; sourceTree = "<group>"; };
		8397063712F4A9BD00050E9E /* question@2x.png */ = {isa = PBXFileReference; lastKnownFileType = image.png; path = "question@2x.png"; sourceTree = "<group>"; };
		8397065112F4AA6C00050E9E /* KamikazeViewController.h */ = {isa = PBXFileReference; fileEncoding = 4; lastKnownFileType = sourcecode.c.h; path = KamikazeViewController.h; sourceTree = "<group>"; };
		8397065212F4AA6C00050E9E /* KamikazeViewController.m */ = {isa = PBXFileReference; fileEncoding = 4; lastKnownFileType = sourcecode.c.objc; path = KamikazeViewController.m; sourceTree = "<group>"; };
		8397065312F4AA6C00050E9E /* KamikazeViewController.xib */ = {isa = PBXFileReference; lastKnownFileType = file.xib; path = KamikazeViewController.xib; sourceTree = "<group>"; };
		83ADD5FB1169939A00BF3809 /* bkklogobwtouchup.jpg */ = {isa = PBXFileReference; lastKnownFileType = image.jpeg; path = bkklogobwtouchup.jpg; sourceTree = "<group>"; };
		83ADD5FD116993AB00BF3809 /* bkkViewController.h */ = {isa = PBXFileReference; fileEncoding = 4; lastKnownFileType = sourcecode.c.h; path = bkkViewController.h; sourceTree = "<group>"; };
		83ADD5FE116993AB00BF3809 /* bkkViewController.m */ = {isa = PBXFileReference; fileEncoding = 4; lastKnownFileType = sourcecode.c.objc; path = bkkViewController.m; sourceTree = "<group>"; };
		83ADD600116993E800BF3809 /* bkkViewController.xib */ = {isa = PBXFileReference; lastKnownFileType = file.xib; name = bkkViewController.xib; path = ../bkkViewController.xib; sourceTree = "<group>"; };
		83ADD62D116997AD00BF3809 /* SongListViewController.h */ = {isa = PBXFileReference; fileEncoding = 4; lastKnownFileType = sourcecode.c.h; path = SongListViewController.h; sourceTree = "<group>"; };
		83ADD62E116997AD00BF3809 /* SongListViewController.m */ = {isa = PBXFileReference; fileEncoding = 4; lastKnownFileType = sourcecode.c.objc; path = SongListViewController.m; sourceTree = "<group>"; };
		83B47B97117A7CAD005ADAF3 /* VCTitleCase.h */ = {isa = PBXFileReference; fileEncoding = 4; lastKnownFileType = sourcecode.c.h; path = VCTitleCase.h; sourceTree = "<group>"; };
		83B47B98117A7CAD005ADAF3 /* VCTitleCase.m */ = {isa = PBXFileReference; fileEncoding = 4; lastKnownFileType = sourcecode.c.objc; path = VCTitleCase.m; sourceTree = "<group>"; };
		83B7C5B11296E3D500A52BD9 /* inbox.png */ = {isa = PBXFileReference; lastKnownFileType = image.png; path = inbox.png; sourceTree = "<group>"; };
		83B7C5B21296E3D500A52BD9 /* inbox@2x.png */ = {isa = PBXFileReference; lastKnownFileType = image.png; path = "inbox@2x.png"; sourceTree = "<group>"; };
		83B7C5B61296E6E500A52BD9 /* FavoritesListViewController.h */ = {isa = PBXFileReference; fileEncoding = 4; lastKnownFileType = sourcecode.c.h; path = FavoritesListViewController.h; sourceTree = "<group>"; };
		83B7C5B71296E6E500A52BD9 /* FavoritesListViewController.m */ = {isa = PBXFileReference; fileEncoding = 4; lastKnownFileType = sourcecode.c.objc; path = FavoritesListViewController.m; sourceTree = "<group>"; };
		83B7C5B81296E6E500A52BD9 /* FavoritesListViewController.xib */ = {isa = PBXFileReference; lastKnownFileType = file.xib; path = FavoritesListViewController.xib; sourceTree = "<group>"; };
		83B7C5CC1296E84700A52BD9 /* comment.png */ = {isa = PBXFileReference; lastKnownFileType = image.png; path = comment.png; sourceTree = "<group>"; };
		83B7C5CD1296E84700A52BD9 /* comment@2x.png */ = {isa = PBXFileReference; lastKnownFileType = image.png; path = "comment@2x.png"; sourceTree = "<group>"; };
		83BFE0BA11C543140022D0CA /* baby ketten_Prefix.pch */ = {isa = PBXFileReference; fileEncoding = 4; lastKnownFileType = sourcecode.c.h; path = "baby ketten_Prefix.pch"; sourceTree = "<group>"; };
		83DA5827121B7A87006804B8 /* LyricsWebViewController.h */ = {isa = PBXFileReference; fileEncoding = 4; lastKnownFileType = sourcecode.c.h; path = LyricsWebViewController.h; sourceTree = "<group>"; };
		83DA5828121B7A87006804B8 /* LyricsWebViewController.m */ = {isa = PBXFileReference; fileEncoding = 4; lastKnownFileType = sourcecode.c.objc; path = LyricsWebViewController.m; sourceTree = "<group>"; };
		83DA5829121B7A87006804B8 /* LyricsWebViewController.xib */ = {isa = PBXFileReference; lastKnownFileType = file.xib; path = LyricsWebViewController.xib; sourceTree = "<group>"; };
		83DA58A9121B96DD006804B8 /* kamikaze_ketten.png */ = {isa = PBXFileReference; lastKnownFileType = image.png; path = kamikaze_ketten.png; sourceTree = "<group>"; };
		83F3CA5511780BE00033611B /* bkk_vert_realcat.jpg */ = {isa = PBXFileReference; lastKnownFileType = image.jpeg; path = bkk_vert_realcat.jpg; sourceTree = "<group>"; };
		83FD939A126A3E360041513F /* TwitterViewController.h */ = {isa = PBXFileReference; fileEncoding = 4; lastKnownFileType = sourcecode.c.h; path = TwitterViewController.h; sourceTree = "<group>"; };
		83FD939B126A3E360041513F /* TwitterViewController.m */ = {isa = PBXFileReference; fileEncoding = 4; lastKnownFileType = sourcecode.c.objc; path = TwitterViewController.m; sourceTree = "<group>"; };
		83FD939C126A3E360041513F /* TwitterViewController.xib */ = {isa = PBXFileReference; lastKnownFileType = file.xib; path = TwitterViewController.xib; sourceTree = "<group>"; };
		8D1107310486CEB800E47090 /* baby ketten-Info.plist */ = {isa = PBXFileReference; fileEncoding = 4; lastKnownFileType = text.plist.xml; path = "baby ketten-Info.plist"; plistStructureDefinitionIdentifier = "com.apple.xcode.plist.structure-definition.iphone.info-plist"; sourceTree = "<group>"; };
/* End PBXFileReference section */

/* Begin PBXFrameworksBuildPhase section */
		1D60588F0D05DD3D006BFB54 /* Frameworks */ = {
			isa = PBXFrameworksBuildPhase;
			buildActionMask = 2147483647;
			files = (
				834A5A521465C1E800C87455 /* QuartzCore.framework in Frameworks */,
				8366C1781341012000D2B518 /* CoreLocation.framework in Frameworks */,
				8366C1761340F8DB00D2B518 /* MapKit.framework in Frameworks */,
				1D60589F0D05DD5A006BFB54 /* Foundation.framework in Frameworks */,
				1DF5F4E00D08C38300B7A737 /* UIKit.framework in Frameworks */,
				288765FD0DF74451002DB57D /* CoreGraphics.framework in Frameworks */,
			);
			runOnlyForDeploymentPostprocessing = 0;
		};
/* End PBXFrameworksBuildPhase section */

/* Begin PBXGroup section */
		080E96DDFE201D6D7F000001 /* Classes */ = {
			isa = PBXGroup;
			children = (
				8300C3D8137F62AE00E45770 /* BSForwardGeocode */,
				8381B5AB1169BF0100B545AB /* JSON */,
				83FD939A126A3E360041513F /* TwitterViewController.h */,
				83FD939B126A3E360041513F /* TwitterViewController.m */,
				83FD939C126A3E360041513F /* TwitterViewController.xib */,
				834A5A4E1465C18A00C87455 /* CoolButton.h */,
				834A5A4F1465C18A00C87455 /* CoolButton.m */,
				83B47B97117A7CAD005ADAF3 /* VCTitleCase.h */,
				83B47B98117A7CAD005ADAF3 /* VCTitleCase.m */,
				83ADD5FD116993AB00BF3809 /* bkkViewController.h */,
				83ADD5FE116993AB00BF3809 /* bkkViewController.m */,
				83ADD600116993E800BF3809 /* bkkViewController.xib */,
				1D3623240D0F684500981E51 /* bkkAppDelegate.h */,
				1D3623250D0F684500981E51 /* bkkAppDelegate.m */,
				28AD733E0D9D9553002E5188 /* MainWindow.xib */,
				83ADD62D116997AD00BF3809 /* SongListViewController.h */,
				83ADD62E116997AD00BF3809 /* SongListViewController.m */,
				8381B60E1169C65500B545AB /* Song.h */,
				8381B60F1169C65500B545AB /* Song.m */,
				8382983E116C69F600EE8539 /* SongDetailViewController.h */,
				8382983F116C69F600EE8539 /* SongDetailViewController.m */,
				83829840116C69F600EE8539 /* SongDetailViewController.xib */,
				832FB7A311BE0CCA0084909E /* CalendarViewController.h */,
				832FB7A411BE0CCA0084909E /* CalendarViewController.m */,
				832FB83B11BE200B0084909E /* Date.h */,
				832FB83C11BE200B0084909E /* Date.m */,
				83DA5827121B7A87006804B8 /* LyricsWebViewController.h */,
				83DA5828121B7A87006804B8 /* LyricsWebViewController.m */,
				83DA5829121B7A87006804B8 /* LyricsWebViewController.xib */,
				83B7C5B61296E6E500A52BD9 /* FavoritesListViewController.h */,
				83B7C5B71296E6E500A52BD9 /* FavoritesListViewController.m */,
				83B7C5B81296E6E500A52BD9 /* FavoritesListViewController.xib */,
				8397065112F4AA6C00050E9E /* KamikazeViewController.h */,
				8397065212F4AA6C00050E9E /* KamikazeViewController.m */,
				8397065312F4AA6C00050E9E /* KamikazeViewController.xib */,
				8366C16F1340523000D2B518 /* CalendarDetailViewController.h */,
				8366C1701340523000D2B518 /* CalendarDetailViewController.m */,
				8366C1711340523000D2B518 /* CalendarDetailViewController.xib */,
			);
			path = Classes;
			sourceTree = "<group>";
		};
		19C28FACFE9D520D11CA2CBB /* Products */ = {
			isa = PBXGroup;
			children = (
				1D6058910D05DD3D006BFB54 /* baby ketten.app */,
			);
			name = Products;
			sourceTree = "<group>";
		};
		29B97314FDCFA39411CA2CEA /* CustomTemplate */ = {
			isa = PBXGroup;
			children = (
				080E96DDFE201D6D7F000001 /* Classes */,
				29B97315FDCFA39411CA2CEA /* Other Sources */,
				29B97317FDCFA39411CA2CEA /* Resources */,
				29B97323FDCFA39411CA2CEA /* Frameworks */,
				19C28FACFE9D520D11CA2CBB /* Products */,
			);
			name = CustomTemplate;
			sourceTree = "<group>";
		};
		29B97315FDCFA39411CA2CEA /* Other Sources */ = {
			isa = PBXGroup;
			children = (
				83BFE0BA11C543140022D0CA /* baby ketten_Prefix.pch */,
				29B97316FDCFA39411CA2CEA /* main.m */,
			);
			name = "Other Sources";
			sourceTree = "<group>";
		};
		29B97317FDCFA39411CA2CEA /* Resources */ = {
			isa = PBXGroup;
			children = (
				8300C3EA137F73BA00E45770 /* ketten_small.jpg */,
				8358DC93145B23A400FF0DD3 /* jumpinkettenicon.png */,
				8300C3CD137F613E00E45770 /* jumpinkettenicon@2x.png */,
				83305333137F28C9007943E8 /* PlainTableViewSectionHeader.png */,
				834714281441048F00F4ADC5 /* bkk_logo_bw.jpeg */,
				83305334137F28C9007943E8 /* PlainTableViewSectionHeader@2x.png */,
				8397063612F4A9BD00050E9E /* question.png */,
				8397063712F4A9BD00050E9E /* question@2x.png */,
				8397062612F4A20B00050E9E /* kamizake_icon@2x.png */,
				8397062712F4A20B00050E9E /* kamizake_icon.png */,
				8311CA9812DA8641009093D9 /* latest_mews.png */,
				83B7C5CC1296E84700A52BD9 /* comment.png */,
				83B7C5CD1296E84700A52BD9 /* comment@2x.png */,
				83B7C5B11296E3D500A52BD9 /* inbox.png */,
				83B7C5B21296E3D500A52BD9 /* inbox@2x.png */,
				830F939212959BE600282FC6 /* mic@2x.png */,
				830F939012959BD100282FC6 /* mic.png */,
				830F935E12959A2B00282FC6 /* calendar.png */,
				830F9354129597CF00282FC6 /* calendar@2x.png */,
				831BAF3F121EE7A300A7AD86 /* Icon@2x.png */,
				831BAF3D121EE79200A7AD86 /* Icon.png */,
				831BAF29121EE71600A7AD86 /* Icon-72.png */,
				831BAF2A121EE71600A7AD86 /* Icon-Small-50.png */,
				831BAF2B121EE71600A7AD86 /* Icon-Small.png */,
				831BAF2C121EE71600A7AD86 /* Icon-Small@2x.png */,
				831BAF1F121EE22900A7AD86 /* kamikaze_ketten_back_light.png */,
				831BAF09121EE00400A7AD86 /* kamikaze_ketten_background.png */,
				83DA58A9121B96DD006804B8 /* kamikaze_ketten.png */,
				83F3CA5511780BE00033611B /* bkk_vert_realcat.jpg */,
				83ADD5FB1169939A00BF3809 /* bkklogobwtouchup.jpg */,
				8D1107310486CEB800E47090 /* baby ketten-Info.plist */,
			);
			name = Resources;
			sourceTree = "<group>";
		};
		29B97323FDCFA39411CA2CEA /* Frameworks */ = {
			isa = PBXGroup;
			children = (
				834A5A511465C1E800C87455 /* QuartzCore.framework */,
				8366C1771341012000D2B518 /* CoreLocation.framework */,
				8366C1751340F8DB00D2B518 /* MapKit.framework */,
				1DF5F4DF0D08C38300B7A737 /* UIKit.framework */,
				1D30AB110D05D00D00671497 /* Foundation.framework */,
				288765FC0DF74451002DB57D /* CoreGraphics.framework */,
			);
			name = Frameworks;
			sourceTree = "<group>";
		};
		8300C3D8137F62AE00E45770 /* BSForwardGeocode */ = {
			isa = PBXGroup;
			children = (
				8300C3D9137F62C200E45770 /* BSAddressComponent.h */,
				8300C3DA137F62C200E45770 /* BSAddressComponent.m */,
				8300C3DB137F62C200E45770 /* BSForwardGeocoder.h */,
				8300C3DC137F62C200E45770 /* BSForwardGeocoder.m */,
				8300C3DD137F62C200E45770 /* BSGoogleV2KmlParser.h */,
				8300C3DE137F62C200E45770 /* BSGoogleV2KmlParser.m */,
				8300C3DF137F62C200E45770 /* BSGoogleV3KmlParser.h */,
				8300C3E0137F62C200E45770 /* BSGoogleV3KmlParser.m */,
				8300C3E1137F62C200E45770 /* BSKmlResult.h */,
				8300C3E2137F62C200E45770 /* BSKmlResult.m */,
			);
			name = BSForwardGeocode;
			sourceTree = "<group>";
		};
		8381B5AB1169BF0100B545AB /* JSON */ = {
			isa = PBXGroup;
			children = (
				8381B5AC1169BF0100B545AB /* JSON.h */,
				8381B5AD1169BF0100B545AB /* NSObject+SBJSON.h */,
				8381B5AE1169BF0100B545AB /* NSObject+SBJSON.m */,
				8381B5AF1169BF0100B545AB /* NSString+SBJSON.h */,
				8381B5B01169BF0100B545AB /* NSString+SBJSON.m */,
				8381B5B11169BF0100B545AB /* SBJSON.h */,
				8381B5B21169BF0100B545AB /* SBJSON.m */,
				8381B5B31169BF0100B545AB /* SBJsonBase.h */,
				8381B5B41169BF0100B545AB /* SBJsonBase.m */,
				8381B5B51169BF0100B545AB /* SBJsonParser.h */,
				8381B5B61169BF0100B545AB /* SBJsonParser.m */,
				8381B5B71169BF0100B545AB /* SBJsonWriter.h */,
				8381B5B81169BF0100B545AB /* SBJsonWriter.m */,
			);
			path = JSON;
			sourceTree = "<group>";
		};
/* End PBXGroup section */

/* Begin PBXNativeTarget section */
		1D6058900D05DD3D006BFB54 /* baby ketten */ = {
			isa = PBXNativeTarget;
			buildConfigurationList = 1D6058960D05DD3E006BFB54 /* Build configuration list for PBXNativeTarget "baby ketten" */;
			buildPhases = (
				1D60588D0D05DD3D006BFB54 /* Resources */,
				1D60588E0D05DD3D006BFB54 /* Sources */,
				1D60588F0D05DD3D006BFB54 /* Frameworks */,
			);
			buildRules = (
			);
			dependencies = (
			);
			name = "baby ketten";
			productName = bkk;
			productReference = 1D6058910D05DD3D006BFB54 /* baby ketten.app */;
			productType = "com.apple.product-type.application";
		};
/* End PBXNativeTarget section */

/* Begin PBXProject section */
		29B97313FDCFA39411CA2CEA /* Project object */ = {
			isa = PBXProject;
			buildConfigurationList = C01FCF4E08A954540054247B /* Build configuration list for PBXProject "Baby Ketten" */;
			compatibilityVersion = "Xcode 3.2";
			developmentRegion = English;
			hasScannedForEncodings = 1;
			knownRegions = (
				English,
				Japanese,
				French,
				German,
			);
			mainGroup = 29B97314FDCFA39411CA2CEA /* CustomTemplate */;
			projectDirPath = "";
			projectRoot = "";
			targets = (
				1D6058900D05DD3D006BFB54 /* baby ketten */,
			);
		};
/* End PBXProject section */

/* Begin PBXResourcesBuildPhase section */
		1D60588D0D05DD3D006BFB54 /* Resources */ = {
			isa = PBXResourcesBuildPhase;
			buildActionMask = 2147483647;
			files = (
				28AD733F0D9D9553002E5188 /* MainWindow.xib in Resources */,
				83ADD5FC1169939A00BF3809 /* bkklogobwtouchup.jpg in Resources */,
				83ADD601116993E800BF3809 /* bkkViewController.xib in Resources */,
				83829842116C69F600EE8539 /* SongDetailViewController.xib in Resources */,
				83F3CA5A11780BE00033611B /* bkk_vert_realcat.jpg in Resources */,
				83DA582B121B7A87006804B8 /* LyricsWebViewController.xib in Resources */,
				83DA58AA121B96DD006804B8 /* kamikaze_ketten.png in Resources */,
				831BAF0A121EE00400A7AD86 /* kamikaze_ketten_background.png in Resources */,
				831BAF20121EE22900A7AD86 /* kamikaze_ketten_back_light.png in Resources */,
				831BAF3E121EE79200A7AD86 /* Icon.png in Resources */,
				831BAF40121EE7A300A7AD86 /* Icon@2x.png in Resources */,
				83FD939E126A3E360041513F /* TwitterViewController.xib in Resources */,
				830F9355129597CF00282FC6 /* calendar@2x.png in Resources */,
				830F935F12959A2B00282FC6 /* calendar.png in Resources */,
				830F939112959BD100282FC6 /* mic.png in Resources */,
				830F939312959BE600282FC6 /* mic@2x.png in Resources */,
				83B7C5B31296E3D500A52BD9 /* inbox.png in Resources */,
				83B7C5B41296E3D500A52BD9 /* inbox@2x.png in Resources */,
				83B7C5BA1296E6E500A52BD9 /* FavoritesListViewController.xib in Resources */,
				83B7C5CE1296E84700A52BD9 /* comment.png in Resources */,
				83B7C5CF1296E84700A52BD9 /* comment@2x.png in Resources */,
				8311CA9912DA8641009093D9 /* latest_mews.png in Resources */,
				8397062812F4A20B00050E9E /* kamizake_icon@2x.png in Resources */,
				8397062912F4A20B00050E9E /* kamizake_icon.png in Resources */,
				8397063812F4A9BD00050E9E /* question.png in Resources */,
				8397063912F4A9BD00050E9E /* question@2x.png in Resources */,
				8397065512F4AA6C00050E9E /* KamikazeViewController.xib in Resources */,
				8366C1731340523000D2B518 /* CalendarDetailViewController.xib in Resources */,
				83305335137F28C9007943E8 /* PlainTableViewSectionHeader.png in Resources */,
				83305336137F28C9007943E8 /* PlainTableViewSectionHeader@2x.png in Resources */,
				8300C3CE137F613E00E45770 /* jumpinkettenicon@2x.png in Resources */,
				8300C3EB137F73BB00E45770 /* ketten_small.jpg in Resources */,
				834714291441048F00F4ADC5 /* bkk_logo_bw.jpeg in Resources */,
				8358DC94145B23A400FF0DD3 /* jumpinkettenicon.png in Resources */,
			);
			runOnlyForDeploymentPostprocessing = 0;
		};
/* End PBXResourcesBuildPhase section */

/* Begin PBXSourcesBuildPhase section */
		1D60588E0D05DD3D006BFB54 /* Sources */ = {
			isa = PBXSourcesBuildPhase;
			buildActionMask = 2147483647;
			files = (
				1D60589B0D05DD56006BFB54 /* main.m in Sources */,
				1D3623260D0F684500981E51 /* bkkAppDelegate.m in Sources */,
				83ADD5FF116993AB00BF3809 /* bkkViewController.m in Sources */,
				83ADD630116997AD00BF3809 /* SongListViewController.m in Sources */,
				8381B5B91169BF0100B545AB /* NSObject+SBJSON.m in Sources */,
				8381B5BA1169BF0100B545AB /* NSString+SBJSON.m in Sources */,
				8381B5BB1169BF0100B545AB /* SBJSON.m in Sources */,
				8381B5BC1169BF0100B545AB /* SBJsonBase.m in Sources */,
				8381B5BD1169BF0100B545AB /* SBJsonParser.m in Sources */,
				8381B5BE1169BF0100B545AB /* SBJsonWriter.m in Sources */,
				8381B6101169C65500B545AB /* Song.m in Sources */,
				83829841116C69F600EE8539 /* SongDetailViewController.m in Sources */,
				83B47B99117A7CAD005ADAF3 /* VCTitleCase.m in Sources */,
				832FB7A611BE0CCA0084909E /* CalendarViewController.m in Sources */,
				832FB83D11BE200B0084909E /* Date.m in Sources */,
				83DA582A121B7A87006804B8 /* LyricsWebViewController.m in Sources */,
				83FD939D126A3E360041513F /* TwitterViewController.m in Sources */,
				83B7C5B91296E6E500A52BD9 /* FavoritesListViewController.m in Sources */,
				8397065412F4AA6C00050E9E /* KamikazeViewController.m in Sources */,
				8366C1721340523000D2B518 /* CalendarDetailViewController.m in Sources */,
				8300C3E3137F62C200E45770 /* BSAddressComponent.m in Sources */,
				8300C3E4137F62C200E45770 /* BSForwardGeocoder.m in Sources */,
				8300C3E5137F62C200E45770 /* BSGoogleV2KmlParser.m in Sources */,
				8300C3E6137F62C200E45770 /* BSGoogleV3KmlParser.m in Sources */,
				8300C3E7137F62C200E45770 /* BSKmlResult.m in Sources */,
				834A5A501465C18A00C87455 /* CoolButton.m in Sources */,
			);
			runOnlyForDeploymentPostprocessing = 0;
		};
/* End PBXSourcesBuildPhase section */

/* Begin XCBuildConfiguration section */
		1D6058940D05DD3E006BFB54 /* Debug */ = {
			isa = XCBuildConfiguration;
			buildSettings = {
				ALWAYS_SEARCH_USER_PATHS = NO;
				CODE_SIGN_IDENTITY = "iPhone Developer";
				"CODE_SIGN_IDENTITY[sdk=iphoneos*]" = "iPhone Developer";
				COPY_PHASE_STRIP = NO;
				FRAMEWORK_SEARCH_PATHS = "$(inherited)";
				GCC_DYNAMIC_NO_PIC = NO;
				GCC_OPTIMIZATION_LEVEL = 0;
				GCC_PRECOMPILE_PREFIX_HEADER = YES;
				GCC_PREFIX_HEADER = "baby ketten_Prefix.pch";
				INFOPLIST_FILE = "baby ketten-Info.plist";
				LIBRARY_SEARCH_PATHS = "$(inherited)";
				PRODUCT_NAME = "baby ketten";
				PROVISIONING_PROFILE = "";
				"PROVISIONING_PROFILE[sdk=iphoneos*]" = "";
				TARGETED_DEVICE_FAMILY = 1;
			};
			name = Debug;
		};
		1D6058950D05DD3E006BFB54 /* Release */ = {
			isa = XCBuildConfiguration;
			buildSettings = {
				ALWAYS_SEARCH_USER_PATHS = NO;
				CODE_SIGN_IDENTITY = "iPhone Developer";
				"CODE_SIGN_IDENTITY[sdk=iphoneos*]" = "iPhone Developer: Christopher Schepman (9UY2RV34LS)";
				COPY_PHASE_STRIP = YES;
				FRAMEWORK_SEARCH_PATHS = "$(inherited)";
				GCC_PRECOMPILE_PREFIX_HEADER = YES;
				GCC_PREFIX_HEADER = "baby ketten_Prefix.pch";
				INFOPLIST_FILE = "baby ketten-Info.plist";
				LIBRARY_SEARCH_PATHS = "$(inherited)";
				PRODUCT_NAME = "baby ketten";
				PROVISIONING_PROFILE = "";
				"PROVISIONING_PROFILE[sdk=iphoneos*]" = "115E8248-9317-486E-BD0E-FF6841D23045";
				TARGETED_DEVICE_FAMILY = 1;
				VALIDATE_PRODUCT = YES;
			};
			name = Release;
		};
		8319EF801454B28F001B45CD /* Ad Hoc */ = {
			isa = XCBuildConfiguration;
			buildSettings = {
				ARCHS = "$(ARCHS_STANDARD_32_BIT)";
				"CODE_SIGN_IDENTITY[sdk=iphoneos*]" = "iPhone Developer: Christopher Schepman (9UY2RV34LS)";
				GCC_C_LANGUAGE_STANDARD = c99;
				GCC_WARN_ABOUT_RETURN_TYPE = YES;
				GCC_WARN_UNUSED_VARIABLE = YES;
				HEADER_SEARCH_PATHS = "";
				OTHER_CFLAGS = "-DNS_BLOCK_ASSERTIONS=1";
				OTHER_LDFLAGS = "";
				PREBINDING = NO;
				"PROVISIONING_PROFILE[sdk=iphoneos*]" = "E687FEB1-BCEF-4906-9A24-228F06C521CC";
				SDKROOT = iphoneos;
			};
			name = "Ad Hoc";
		};
		8319EF811454B28F001B45CD /* Ad Hoc */ = {
			isa = XCBuildConfiguration;
			buildSettings = {
				ALWAYS_SEARCH_USER_PATHS = NO;
				CODE_SIGN_IDENTITY = "iPhone Developer";
				"CODE_SIGN_IDENTITY[sdk=iphoneos*]" = "iPhone Distribution: Christopher Schepman";
				COPY_PHASE_STRIP = YES;
				FRAMEWORK_SEARCH_PATHS = "$(inherited)";
				GCC_PRECOMPILE_PREFIX_HEADER = YES;
				GCC_PREFIX_HEADER = "baby ketten_Prefix.pch";
				INFOPLIST_FILE = "baby ketten-Info.plist";
				LIBRARY_SEARCH_PATHS = "$(inherited)";
				PRODUCT_NAME = "baby ketten";
				PROVISIONING_PROFILE = "";
				"PROVISIONING_PROFILE[sdk=iphoneos*]" = "4B562FA2-9230-4C53-BEEC-81442DD808FE";
				TARGETED_DEVICE_FAMILY = 1;
				VALIDATE_PRODUCT = YES;
			};
			name = "Ad Hoc";
		};
		83326A0C118939F50012C57C /* Distribution */ = {
			isa = XCBuildConfiguration;
			buildSettings = {
				ARCHS = "$(ARCHS_STANDARD_32_BIT)";
				"CODE_SIGN_IDENTITY[sdk=iphoneos*]" = "iPhone Developer: Christopher Schepman (9UY2RV34LS)";
				GCC_C_LANGUAGE_STANDARD = c99;
				GCC_WARN_ABOUT_RETURN_TYPE = YES;
				GCC_WARN_UNUSED_VARIABLE = YES;
				OTHER_CFLAGS = "-DNS_BLOCK_ASSERTIONS=1";
				OTHER_LDFLAGS = "";
				PREBINDING = NO;
				"PROVISIONING_PROFILE[sdk=iphoneos*]" = "E687FEB1-BCEF-4906-9A24-228F06C521CC";
				SDKROOT = iphoneos;
			};
			name = Distribution;
		};
		83326A0D118939F50012C57C /* Distribution */ = {
			isa = XCBuildConfiguration;
			buildSettings = {
				ALWAYS_SEARCH_USER_PATHS = NO;
				CODE_SIGN_IDENTITY = "iPhone Developer";
				"CODE_SIGN_IDENTITY[sdk=iphoneos*]" = "iPhone Distribution: Christopher Schepman";
				COPY_PHASE_STRIP = YES;
				FRAMEWORK_SEARCH_PATHS = "$(inherited)";
				GCC_PRECOMPILE_PREFIX_HEADER = YES;
				GCC_PREFIX_HEADER = "baby ketten_Prefix.pch";
				INFOPLIST_FILE = "baby ketten-Info.plist";
				LIBRARY_SEARCH_PATHS = "$(inherited)";
				PRODUCT_NAME = "baby ketten";
				PROVISIONING_PROFILE = "";
				"PROVISIONING_PROFILE[sdk=iphoneos*]" = "4B562FA2-9230-4C53-BEEC-81442DD808FE";
				TARGETED_DEVICE_FAMILY = 1;
				VALIDATE_PRODUCT = YES;
			};
			name = Distribution;
		};
		C01FCF4F08A954540054247B /* Debug */ = {
			isa = XCBuildConfiguration;
			buildSettings = {
				ARCHS = "$(ARCHS_STANDARD_32_BIT)";
				"CODE_SIGN_IDENTITY[sdk=iphoneos*]" = "iPhone Developer";
				GCC_C_LANGUAGE_STANDARD = c99;
				GCC_WARN_ABOUT_RETURN_TYPE = YES;
				GCC_WARN_UNUSED_VARIABLE = YES;
				HEADER_SEARCH_PATHS = "";
				OTHER_CFLAGS = "";
				OTHER_LDFLAGS = "";
				PREBINDING = NO;
				"PROVISIONING_PROFILE[sdk=iphoneos*]" = "";
				SDKROOT = iphoneos;
			};
			name = Debug;
		};
		C01FCF5008A954540054247B /* Release */ = {
			isa = XCBuildConfiguration;
			buildSettings = {
				ARCHS = "$(ARCHS_STANDARD_32_BIT)";
				"CODE_SIGN_IDENTITY[sdk=iphoneos*]" = "iPhone Developer: Christopher Schepman (9UY2RV34LS)";
				GCC_C_LANGUAGE_STANDARD = c99;
				GCC_WARN_ABOUT_RETURN_TYPE = YES;
				GCC_WARN_UNUSED_VARIABLE = YES;
				HEADER_SEARCH_PATHS = "";
				OTHER_CFLAGS = "-DNS_BLOCK_ASSERTIONS=1";
				OTHER_LDFLAGS = "";
				PREBINDING = NO;
				"PROVISIONING_PROFILE[sdk=iphoneos*]" = "E687FEB1-BCEF-4906-9A24-228F06C521CC";
				SDKROOT = iphoneos;
			};
			name = Release;
		};
/* End XCBuildConfiguration section */

/* Begin XCConfigurationList section */
		1D6058960D05DD3E006BFB54 /* Build configuration list for PBXNativeTarget "baby ketten" */ = {
			isa = XCConfigurationList;
			buildConfigurations = (
				1D6058940D05DD3E006BFB54 /* Debug */,
				1D6058950D05DD3E006BFB54 /* Release */,
				8319EF811454B28F001B45CD /* Ad Hoc */,
				83326A0D118939F50012C57C /* Distribution */,
			);
			defaultConfigurationIsVisible = 0;
			defaultConfigurationName = Release;
		};
		C01FCF4E08A954540054247B /* Build configuration list for PBXProject "Baby Ketten" */ = {
			isa = XCConfigurationList;
			buildConfigurations = (
				C01FCF4F08A954540054247B /* Debug */,
				C01FCF5008A954540054247B /* Release */,
				8319EF801454B28F001B45CD /* Ad Hoc */,
				83326A0C118939F50012C57C /* Distribution */,
			);
			defaultConfigurationIsVisible = 0;
			defaultConfigurationName = Release;
		};
/* End XCConfigurationList section */
	};
	rootObject = 29B97313FDCFA39411CA2CEA /* Project object */;
}
