// !$*UTF8*$!
{
	archiveVersion = 1;
	classes = {
	};
	objectVersion = 46;
	objects = {

/* Begin PBXBuildFile section */
		834DE11A15DC83160050139B /* Settings.bundle in Resources */ = {isa = PBXBuildFile; fileRef = 834DE11915DC83160050139B /* Settings.bundle */; };
		950BE25128A2C10600EE1D87 /* BKKAppDelegate.m in Sources */ = {isa = PBXBuildFile; fileRef = 950BE24D28A2C10500EE1D87 /* BKKAppDelegate.m */; };
		950BE25228A2C10600EE1D87 /* main.m in Sources */ = {isa = PBXBuildFile; fileRef = 950BE24F28A2C10500EE1D87 /* main.m */; };
		950BE27228A2C13C00EE1D87 /* FolderPickerTableViewController.m in Sources */ = {isa = PBXBuildFile; fileRef = 950BE25528A2C13C00EE1D87 /* FolderPickerTableViewController.m */; };
		950BE27328A2C13C00EE1D87 /* YTTableViewCell.m in Sources */ = {isa = PBXBuildFile; fileRef = 950BE25628A2C13C00EE1D87 /* YTTableViewCell.m */; };
		950BE27528A2C13C00EE1D87 /* LaunchScreen.storyboard in Resources */ = {isa = PBXBuildFile; fileRef = 950BE25828A2C13C00EE1D87 /* LaunchScreen.storyboard */; };
		950BE27628A2C13C00EE1D87 /* KamikazeViewController.xib in Resources */ = {isa = PBXBuildFile; fileRef = 950BE25928A2C13C00EE1D87 /* KamikazeViewController.xib */; };
		950BE27B28A2C13C00EE1D87 /* SongDetailViewController.xib in Resources */ = {isa = PBXBuildFile; fileRef = 950BE26228A2C13C00EE1D87 /* SongDetailViewController.xib */; };
		950BE27C28A2C13C00EE1D87 /* CalendarDetailViewController.xib in Resources */ = {isa = PBXBuildFile; fileRef = 950BE26328A2C13C00EE1D87 /* CalendarDetailViewController.xib */; };
		950BE27D28A2C13C00EE1D87 /* CalendarViewController.m in Sources */ = {isa = PBXBuildFile; fileRef = 950BE26428A2C13C00EE1D87 /* CalendarViewController.m */; };
		950BE27E28A2C13C00EE1D87 /* YTTableViewCell.xib in Resources */ = {isa = PBXBuildFile; fileRef = 950BE26628A2C13C00EE1D87 /* YTTableViewCell.xib */; };
		950BE27F28A2C13C00EE1D87 /* SongDetailTableViewController.swift in Sources */ = {isa = PBXBuildFile; fileRef = 950BE26728A2C13C00EE1D87 /* SongDetailTableViewController.swift */; };
		950BE28028A2C13C00EE1D87 /* SongListTableViewController.swift in Sources */ = {isa = PBXBuildFile; fileRef = 950BE26B28A2C13C00EE1D87 /* SongListTableViewController.swift */; };
		950BE28128A2C13C00EE1D87 /* CalendarDetailViewController.m in Sources */ = {isa = PBXBuildFile; fileRef = 950BE26C28A2C13C00EE1D87 /* CalendarDetailViewController.m */; };
		950BE28228A2C13C00EE1D87 /* KamikazeViewController.m in Sources */ = {isa = PBXBuildFile; fileRef = 950BE26E28A2C13C00EE1D87 /* KamikazeViewController.m */; };
		950BE28328A2C13C00EE1D87 /* FavoritesListViewController.m in Sources */ = {isa = PBXBuildFile; fileRef = 950BE26F28A2C13C00EE1D87 /* FavoritesListViewController.m */; };
		950BE28428A2C13C00EE1D87 /* BKKViewController.m in Sources */ = {isa = PBXBuildFile; fileRef = 950BE27028A2C13C00EE1D87 /* BKKViewController.m */; };
		950BE28528A2C13C00EE1D87 /* YTSearchTableViewController.m in Sources */ = {isa = PBXBuildFile; fileRef = 950BE27128A2C13C00EE1D87 /* YTSearchTableViewController.m */; };
		950BE28A28A2C16D00EE1D87 /* NetworkManager.swift in Sources */ = {isa = PBXBuildFile; fileRef = 950BE28728A2C16D00EE1D87 /* NetworkManager.swift */; };
		950BE28B28A2C16D00EE1D87 /* CGRect+Sanity.swift in Sources */ = {isa = PBXBuildFile; fileRef = 950BE28828A2C16D00EE1D87 /* CGRect+Sanity.swift */; };
		950BE28C28A2C16D00EE1D87 /* UIImageView+URLRequest.swift in Sources */ = {isa = PBXBuildFile; fileRef = 950BE28928A2C16D00EE1D87 /* UIImageView+URLRequest.swift */; };
		950BE29128A2C17E00EE1D87 /* Date.m in Sources */ = {isa = PBXBuildFile; fileRef = 950BE28F28A2C17E00EE1D87 /* Date.m */; };
		950BE29228A2C17E00EE1D87 /* Song.swift in Sources */ = {isa = PBXBuildFile; fileRef = 950BE29028A2C17E00EE1D87 /* Song.swift */; };
		950BE29B28A35D8700EE1D87 /* Favorites.swift in Sources */ = {isa = PBXBuildFile; fileRef = 950BE29A28A35D8700EE1D87 /* Favorites.swift */; };
		953A473428A20288001F6449 /* Assets.xcassets in Resources */ = {isa = PBXBuildFile; fileRef = 953A473328A20288001F6449 /* Assets.xcassets */; };
/* End PBXBuildFile section */

/* Begin PBXFileReference section */
		834DE11915DC83160050139B /* Settings.bundle */ = {isa = PBXFileReference; lastKnownFileType = "wrapper.plug-in"; path = Settings.bundle; sourceTree = "<group>"; };
		8D1107310486CEB800E47090 /* Info.plist */ = {isa = PBXFileReference; fileEncoding = 4; lastKnownFileType = text.plist.xml; path = Info.plist; plistStructureDefinitionIdentifier = "com.apple.xcode.plist.structure-definition.iphone.info-plist"; sourceTree = "<group>"; };
		950BE24D28A2C10500EE1D87 /* BKKAppDelegate.m */ = {isa = PBXFileReference; fileEncoding = 4; lastKnownFileType = sourcecode.c.objc; name = BKKAppDelegate.m; path = BabyKetten/App/BKKAppDelegate.m; sourceTree = SOURCE_ROOT; };
		950BE24E28A2C10500EE1D87 /* BKKAppDelegate.h */ = {isa = PBXFileReference; fileEncoding = 4; lastKnownFileType = sourcecode.c.h; name = BKKAppDelegate.h; path = BabyKetten/App/BKKAppDelegate.h; sourceTree = SOURCE_ROOT; };
		950BE24F28A2C10500EE1D87 /* main.m */ = {isa = PBXFileReference; fileEncoding = 4; lastKnownFileType = sourcecode.c.objc; name = main.m; path = BabyKetten/App/main.m; sourceTree = SOURCE_ROOT; };
		950BE25028A2C10600EE1D87 /* BabyKetten-Bridging-Header.h */ = {isa = PBXFileReference; fileEncoding = 4; lastKnownFileType = sourcecode.c.h; name = "BabyKetten-Bridging-Header.h"; path = "BabyKetten/App/BabyKetten-Bridging-Header.h"; sourceTree = SOURCE_ROOT; };
		950BE25428A2C13B00EE1D87 /* FavoritesListViewController.h */ = {isa = PBXFileReference; fileEncoding = 4; lastKnownFileType = sourcecode.c.h; name = FavoritesListViewController.h; path = BabyKetten/ViewControllers/FavoritesListViewController.h; sourceTree = SOURCE_ROOT; };
		950BE25528A2C13C00EE1D87 /* FolderPickerTableViewController.m */ = {isa = PBXFileReference; fileEncoding = 4; lastKnownFileType = sourcecode.c.objc; name = FolderPickerTableViewController.m; path = BabyKetten/ViewControllers/FolderPickerTableViewController.m; sourceTree = SOURCE_ROOT; };
		950BE25628A2C13C00EE1D87 /* YTTableViewCell.m */ = {isa = PBXFileReference; fileEncoding = 4; lastKnownFileType = sourcecode.c.objc; name = YTTableViewCell.m; path = BabyKetten/ViewControllers/YTTableViewCell.m; sourceTree = SOURCE_ROOT; };
		950BE25828A2C13C00EE1D87 /* LaunchScreen.storyboard */ = {isa = PBXFileReference; fileEncoding = 4; lastKnownFileType = file.storyboard; name = LaunchScreen.storyboard; path = BabyKetten/App/LaunchScreen.storyboard; sourceTree = SOURCE_ROOT; };
		950BE25928A2C13C00EE1D87 /* KamikazeViewController.xib */ = {isa = PBXFileReference; fileEncoding = 4; lastKnownFileType = file.xib; name = KamikazeViewController.xib; path = BabyKetten/ViewControllers/KamikazeViewController.xib; sourceTree = SOURCE_ROOT; };
		950BE25A28A2C13C00EE1D87 /* YTTableViewCell.h */ = {isa = PBXFileReference; fileEncoding = 4; lastKnownFileType = sourcecode.c.h; name = YTTableViewCell.h; path = BabyKetten/ViewControllers/YTTableViewCell.h; sourceTree = SOURCE_ROOT; };
		950BE25B28A2C13C00EE1D87 /* KamikazeViewController.h */ = {isa = PBXFileReference; fileEncoding = 4; lastKnownFileType = sourcecode.c.h; name = KamikazeViewController.h; path = BabyKetten/ViewControllers/KamikazeViewController.h; sourceTree = SOURCE_ROOT; };
		950BE25D28A2C13C00EE1D87 /* SongListViewController.m */ = {isa = PBXFileReference; fileEncoding = 4; lastKnownFileType = sourcecode.c.objc; name = SongListViewController.m; path = BabyKetten/ViewControllers/SongListViewController.m; sourceTree = SOURCE_ROOT; };
		950BE25E28A2C13C00EE1D87 /* SongDetailViewController.m */ = {isa = PBXFileReference; fileEncoding = 4; lastKnownFileType = sourcecode.c.objc; name = SongDetailViewController.m; path = BabyKetten/ViewControllers/SongDetailViewController.m; sourceTree = SOURCE_ROOT; };
		950BE26028A2C13C00EE1D87 /* YTSearchTableViewController.h */ = {isa = PBXFileReference; fileEncoding = 4; lastKnownFileType = sourcecode.c.h; name = YTSearchTableViewController.h; path = BabyKetten/ViewControllers/YTSearchTableViewController.h; sourceTree = SOURCE_ROOT; };
		950BE26128A2C13C00EE1D87 /* CalendarViewController.h */ = {isa = PBXFileReference; fileEncoding = 4; lastKnownFileType = sourcecode.c.h; name = CalendarViewController.h; path = BabyKetten/ViewControllers/CalendarViewController.h; sourceTree = SOURCE_ROOT; };
		950BE26228A2C13C00EE1D87 /* SongDetailViewController.xib */ = {isa = PBXFileReference; fileEncoding = 4; lastKnownFileType = file.xib; name = SongDetailViewController.xib; path = BabyKetten/ViewControllers/SongDetailViewController.xib; sourceTree = SOURCE_ROOT; };
		950BE26328A2C13C00EE1D87 /* CalendarDetailViewController.xib */ = {isa = PBXFileReference; fileEncoding = 4; lastKnownFileType = file.xib; name = CalendarDetailViewController.xib; path = BabyKetten/ViewControllers/CalendarDetailViewController.xib; sourceTree = SOURCE_ROOT; };
		950BE26428A2C13C00EE1D87 /* CalendarViewController.m */ = {isa = PBXFileReference; fileEncoding = 4; lastKnownFileType = sourcecode.c.objc; name = CalendarViewController.m; path = BabyKetten/ViewControllers/CalendarViewController.m; sourceTree = SOURCE_ROOT; };
		950BE26528A2C13C00EE1D87 /* SongDetailViewController.h */ = {isa = PBXFileReference; fileEncoding = 4; lastKnownFileType = sourcecode.c.h; name = SongDetailViewController.h; path = BabyKetten/ViewControllers/SongDetailViewController.h; sourceTree = SOURCE_ROOT; };
		950BE26628A2C13C00EE1D87 /* YTTableViewCell.xib */ = {isa = PBXFileReference; fileEncoding = 4; lastKnownFileType = file.xib; name = YTTableViewCell.xib; path = BabyKetten/ViewControllers/YTTableViewCell.xib; sourceTree = SOURCE_ROOT; };
		950BE26728A2C13C00EE1D87 /* SongDetailTableViewController.swift */ = {isa = PBXFileReference; fileEncoding = 4; lastKnownFileType = sourcecode.swift; name = SongDetailTableViewController.swift; path = BabyKetten/ViewControllers/SongDetailTableViewController.swift; sourceTree = SOURCE_ROOT; };
		950BE26828A2C13C00EE1D87 /* CalendarDetailViewController.h */ = {isa = PBXFileReference; fileEncoding = 4; lastKnownFileType = sourcecode.c.h; name = CalendarDetailViewController.h; path = BabyKetten/ViewControllers/CalendarDetailViewController.h; sourceTree = SOURCE_ROOT; };
		950BE26928A2C13C00EE1D87 /* BKKViewController.h */ = {isa = PBXFileReference; fileEncoding = 4; lastKnownFileType = sourcecode.c.h; name = BKKViewController.h; path = BabyKetten/ViewControllers/BKKViewController.h; sourceTree = SOURCE_ROOT; };
		950BE26A28A2C13C00EE1D87 /* FolderPickerTableViewController.h */ = {isa = PBXFileReference; fileEncoding = 4; lastKnownFileType = sourcecode.c.h; name = FolderPickerTableViewController.h; path = BabyKetten/ViewControllers/FolderPickerTableViewController.h; sourceTree = SOURCE_ROOT; };
		950BE26B28A2C13C00EE1D87 /* SongListTableViewController.swift */ = {isa = PBXFileReference; fileEncoding = 4; lastKnownFileType = sourcecode.swift; name = SongListTableViewController.swift; path = BabyKetten/ViewControllers/SongListTableViewController.swift; sourceTree = SOURCE_ROOT; };
		950BE26C28A2C13C00EE1D87 /* CalendarDetailViewController.m */ = {isa = PBXFileReference; fileEncoding = 4; lastKnownFileType = sourcecode.c.objc; name = CalendarDetailViewController.m; path = BabyKetten/ViewControllers/CalendarDetailViewController.m; sourceTree = SOURCE_ROOT; };
		950BE26D28A2C13C00EE1D87 /* SongListViewController.h */ = {isa = PBXFileReference; fileEncoding = 4; lastKnownFileType = sourcecode.c.h; name = SongListViewController.h; path = BabyKetten/ViewControllers/SongListViewController.h; sourceTree = SOURCE_ROOT; };
		950BE26E28A2C13C00EE1D87 /* KamikazeViewController.m */ = {isa = PBXFileReference; fileEncoding = 4; lastKnownFileType = sourcecode.c.objc; name = KamikazeViewController.m; path = BabyKetten/ViewControllers/KamikazeViewController.m; sourceTree = SOURCE_ROOT; };
		950BE26F28A2C13C00EE1D87 /* FavoritesListViewController.m */ = {isa = PBXFileReference; fileEncoding = 4; lastKnownFileType = sourcecode.c.objc; name = FavoritesListViewController.m; path = BabyKetten/ViewControllers/FavoritesListViewController.m; sourceTree = SOURCE_ROOT; };
		950BE27028A2C13C00EE1D87 /* BKKViewController.m */ = {isa = PBXFileReference; fileEncoding = 4; lastKnownFileType = sourcecode.c.objc; name = BKKViewController.m; path = BabyKetten/ViewControllers/BKKViewController.m; sourceTree = SOURCE_ROOT; };
		950BE27128A2C13C00EE1D87 /* YTSearchTableViewController.m */ = {isa = PBXFileReference; fileEncoding = 4; lastKnownFileType = sourcecode.c.objc; name = YTSearchTableViewController.m; path = BabyKetten/ViewControllers/YTSearchTableViewController.m; sourceTree = SOURCE_ROOT; };
		950BE28728A2C16D00EE1D87 /* NetworkManager.swift */ = {isa = PBXFileReference; fileEncoding = 4; lastKnownFileType = sourcecode.swift; name = NetworkManager.swift; path = BabyKetten/Util/NetworkManager.swift; sourceTree = SOURCE_ROOT; };
		950BE28828A2C16D00EE1D87 /* CGRect+Sanity.swift */ = {isa = PBXFileReference; fileEncoding = 4; lastKnownFileType = sourcecode.swift; name = "CGRect+Sanity.swift"; path = "BabyKetten/Util/CGRect+Sanity.swift"; sourceTree = SOURCE_ROOT; };
		950BE28928A2C16D00EE1D87 /* UIImageView+URLRequest.swift */ = {isa = PBXFileReference; fileEncoding = 4; lastKnownFileType = sourcecode.swift; name = "UIImageView+URLRequest.swift"; path = "BabyKetten/Util/UIImageView+URLRequest.swift"; sourceTree = SOURCE_ROOT; };
		950BE28E28A2C17E00EE1D87 /* Date.h */ = {isa = PBXFileReference; fileEncoding = 4; lastKnownFileType = sourcecode.c.h; name = Date.h; path = BabyKetten/Models/Date.h; sourceTree = SOURCE_ROOT; };
		950BE28F28A2C17E00EE1D87 /* Date.m */ = {isa = PBXFileReference; fileEncoding = 4; lastKnownFileType = sourcecode.c.objc; name = Date.m; path = BabyKetten/Models/Date.m; sourceTree = SOURCE_ROOT; };
		950BE29028A2C17E00EE1D87 /* Song.swift */ = {isa = PBXFileReference; fileEncoding = 4; lastKnownFileType = sourcecode.swift; name = Song.swift; path = BabyKetten/Models/Song.swift; sourceTree = SOURCE_ROOT; };
		950BE29728A2C4E600EE1D87 /* BabyKetten_Prefix.pch */ = {isa = PBXFileReference; fileEncoding = 4; lastKnownFileType = sourcecode.c.h; path = BabyKetten_Prefix.pch; sourceTree = "<group>"; };
		950BE29A28A35D8700EE1D87 /* Favorites.swift */ = {isa = PBXFileReference; lastKnownFileType = sourcecode.swift; path = Favorites.swift; sourceTree = "<group>"; };
		9512834528A2BDE400809E1D /* baby ketten.app */ = {isa = PBXFileReference; explicitFileType = wrapper.application; includeInIndex = 0; path = "baby ketten.app"; sourceTree = BUILT_PRODUCTS_DIR; };
		953A473328A20288001F6449 /* Assets.xcassets */ = {isa = PBXFileReference; lastKnownFileType = folder.assetcatalog; path = Assets.xcassets; sourceTree = "<group>"; };
/* End PBXFileReference section */

/* Begin PBXFrameworksBuildPhase section */
		1D60588F0D05DD3D006BFB54 /* Frameworks */ = {
			isa = PBXFrameworksBuildPhase;
			buildActionMask = 2147483647;
			files = (
			);
			runOnlyForDeploymentPostprocessing = 0;
		};
/* End PBXFrameworksBuildPhase section */

/* Begin PBXGroup section */
		29B97314FDCFA39411CA2CEA /* CustomTemplate */ = {
			isa = PBXGroup;
			children = (
				950BE24B28A2C0E400EE1D87 /* BabyKetten */,
				834DE11915DC83160050139B /* Settings.bundle */,
				8D1107310486CEB800E47090 /* Info.plist */,
				953A473328A20288001F6449 /* Assets.xcassets */,
				9512834628A2BDE400809E1D /* Products */,
			);
			name = CustomTemplate;
			sourceTree = "<group>";
		};
		950BE24B28A2C0E400EE1D87 /* BabyKetten */ = {
			isa = PBXGroup;
			children = (
				950BE28D28A2C17600EE1D87 /* Models */,
				950BE28628A2C16500EE1D87 /* Util */,
				950BE25328A2C11E00EE1D87 /* ViewControllers */,
				950BE24C28A2C0F900EE1D87 /* App */,
			);
			path = BabyKetten;
			sourceTree = "<group>";
		};
		950BE24C28A2C0F900EE1D87 /* App */ = {
			isa = PBXGroup;
			children = (
				950BE25828A2C13C00EE1D87 /* LaunchScreen.storyboard */,
				950BE25028A2C10600EE1D87 /* BabyKetten-Bridging-Header.h */,
				950BE29728A2C4E600EE1D87 /* BabyKetten_Prefix.pch */,
				950BE24E28A2C10500EE1D87 /* BKKAppDelegate.h */,
				950BE24D28A2C10500EE1D87 /* BKKAppDelegate.m */,
				950BE24F28A2C10500EE1D87 /* main.m */,
			);
			path = App;
			sourceTree = "<group>";
		};
		950BE25328A2C11E00EE1D87 /* ViewControllers */ = {
			isa = PBXGroup;
			children = (
				950BE26928A2C13C00EE1D87 /* BKKViewController.h */,
				950BE27028A2C13C00EE1D87 /* BKKViewController.m */,
				950BE26828A2C13C00EE1D87 /* CalendarDetailViewController.h */,
				950BE26C28A2C13C00EE1D87 /* CalendarDetailViewController.m */,
				950BE26328A2C13C00EE1D87 /* CalendarDetailViewController.xib */,
				950BE26128A2C13C00EE1D87 /* CalendarViewController.h */,
				950BE26428A2C13C00EE1D87 /* CalendarViewController.m */,
				950BE25428A2C13B00EE1D87 /* FavoritesListViewController.h */,
				950BE26F28A2C13C00EE1D87 /* FavoritesListViewController.m */,
				950BE26A28A2C13C00EE1D87 /* FolderPickerTableViewController.h */,
				950BE25528A2C13C00EE1D87 /* FolderPickerTableViewController.m */,
				950BE25B28A2C13C00EE1D87 /* KamikazeViewController.h */,
				950BE26E28A2C13C00EE1D87 /* KamikazeViewController.m */,
				950BE25928A2C13C00EE1D87 /* KamikazeViewController.xib */,
				950BE26728A2C13C00EE1D87 /* SongDetailTableViewController.swift */,
				950BE26528A2C13C00EE1D87 /* SongDetailViewController.h */,
				950BE25E28A2C13C00EE1D87 /* SongDetailViewController.m */,
				950BE26228A2C13C00EE1D87 /* SongDetailViewController.xib */,
				950BE26B28A2C13C00EE1D87 /* SongListTableViewController.swift */,
				950BE26D28A2C13C00EE1D87 /* SongListViewController.h */,
				950BE25D28A2C13C00EE1D87 /* SongListViewController.m */,
				950BE26028A2C13C00EE1D87 /* YTSearchTableViewController.h */,
				950BE27128A2C13C00EE1D87 /* YTSearchTableViewController.m */,
				950BE25A28A2C13C00EE1D87 /* YTTableViewCell.h */,
				950BE25628A2C13C00EE1D87 /* YTTableViewCell.m */,
				950BE26628A2C13C00EE1D87 /* YTTableViewCell.xib */,
			);
			path = ViewControllers;
			sourceTree = "<group>";
		};
		950BE28628A2C16500EE1D87 /* Util */ = {
			isa = PBXGroup;
			children = (
				950BE28828A2C16D00EE1D87 /* CGRect+Sanity.swift */,
				950BE28728A2C16D00EE1D87 /* NetworkManager.swift */,
				950BE28928A2C16D00EE1D87 /* UIImageView+URLRequest.swift */,
			);
			path = Util;
			sourceTree = "<group>";
		};
		950BE28D28A2C17600EE1D87 /* Models */ = {
			isa = PBXGroup;
			children = (
				950BE28E28A2C17E00EE1D87 /* Date.h */,
				950BE28F28A2C17E00EE1D87 /* Date.m */,
				950BE29028A2C17E00EE1D87 /* Song.swift */,
				950BE29A28A35D8700EE1D87 /* Favorites.swift */,
			);
			path = Models;
			sourceTree = "<group>";
		};
		9512834628A2BDE400809E1D /* Products */ = {
			isa = PBXGroup;
			children = (
				9512834528A2BDE400809E1D /* baby ketten.app */,
			);
			name = Products;
			sourceTree = "<group>";
		};
/* End PBXGroup section */

/* Begin PBXNativeTarget section */
		1D6058900D05DD3D006BFB54 /* baby ketten */ = {
			isa = PBXNativeTarget;
			buildConfigurationList = 1D6058960D05DD3E006BFB54 /* Build configuration list for PBXNativeTarget "baby ketten" */;
			buildPhases = (
				1D60588D0D05DD3D006BFB54 /* Resources */,
				1D60588E0D05DD3D006BFB54 /* Sources */,
				1D60588F0D05DD3D006BFB54 /* Frameworks */,
			);
			buildRules = (
			);
			dependencies = (
			);
			name = "baby ketten";
			productName = bkk;
			productReference = 9512834528A2BDE400809E1D /* baby ketten.app */;
			productType = "com.apple.product-type.application";
		};
/* End PBXNativeTarget section */

/* Begin PBXProject section */
		29B97313FDCFA39411CA2CEA /* Project object */ = {
			isa = PBXProject;
			attributes = {
				LastSwiftUpdateCheck = 0800;
				LastUpgradeCheck = 1340;
				TargetAttributes = {
					1D6058900D05DD3D006BFB54 = {
						DevelopmentTeam = 78FKA3KWWM;
						LastSwiftMigration = 1340;
						ProvisioningStyle = Automatic;
					};
				};
			};
			buildConfigurationList = C01FCF4E08A954540054247B /* Build configuration list for PBXProject "BabyKetten" */;
			compatibilityVersion = "Xcode 3.2";
			developmentRegion = en;
			hasScannedForEncodings = 1;
			knownRegions = (
				Base,
				en,
				de,
				ja,
				fr,
			);
			mainGroup = 29B97314FDCFA39411CA2CEA /* CustomTemplate */;
			productRefGroup = 9512834628A2BDE400809E1D /* Products */;
			projectDirPath = "";
			projectRoot = "";
			targets = (
				1D6058900D05DD3D006BFB54 /* baby ketten */,
			);
		};
/* End PBXProject section */

/* Begin PBXResourcesBuildPhase section */
		1D60588D0D05DD3D006BFB54 /* Resources */ = {
			isa = PBXResourcesBuildPhase;
			buildActionMask = 2147483647;
			files = (
				953A473428A20288001F6449 /* Assets.xcassets in Resources */,
				950BE27628A2C13C00EE1D87 /* KamikazeViewController.xib in Resources */,
				950BE27528A2C13C00EE1D87 /* LaunchScreen.storyboard in Resources */,
				950BE27C28A2C13C00EE1D87 /* CalendarDetailViewController.xib in Resources */,
				950BE27E28A2C13C00EE1D87 /* YTTableViewCell.xib in Resources */,
				834DE11A15DC83160050139B /* Settings.bundle in Resources */,
				950BE27B28A2C13C00EE1D87 /* SongDetailViewController.xib in Resources */,
			);
			runOnlyForDeploymentPostprocessing = 0;
		};
/* End PBXResourcesBuildPhase section */

/* Begin PBXSourcesBuildPhase section */
		1D60588E0D05DD3D006BFB54 /* Sources */ = {
			isa = PBXSourcesBuildPhase;
			buildActionMask = 2147483647;
			files = (
				950BE27328A2C13C00EE1D87 /* YTTableViewCell.m in Sources */,
				950BE29128A2C17E00EE1D87 /* Date.m in Sources */,
				950BE28428A2C13C00EE1D87 /* BKKViewController.m in Sources */,
				950BE27228A2C13C00EE1D87 /* FolderPickerTableViewController.m in Sources */,
				950BE28328A2C13C00EE1D87 /* FavoritesListViewController.m in Sources */,
				950BE25228A2C10600EE1D87 /* main.m in Sources */,
				950BE28028A2C13C00EE1D87 /* SongListTableViewController.swift in Sources */,
				950BE25128A2C10600EE1D87 /* BKKAppDelegate.m in Sources */,
				950BE28B28A2C16D00EE1D87 /* CGRect+Sanity.swift in Sources */,
				950BE29B28A35D8700EE1D87 /* Favorites.swift in Sources */,
				950BE28128A2C13C00EE1D87 /* CalendarDetailViewController.m in Sources */,
				950BE27D28A2C13C00EE1D87 /* CalendarViewController.m in Sources */,
				950BE28228A2C13C00EE1D87 /* KamikazeViewController.m in Sources */,
				950BE29228A2C17E00EE1D87 /* Song.swift in Sources */,
				950BE28A28A2C16D00EE1D87 /* NetworkManager.swift in Sources */,
				950BE28528A2C13C00EE1D87 /* YTSearchTableViewController.m in Sources */,
				950BE28C28A2C16D00EE1D87 /* UIImageView+URLRequest.swift in Sources */,
				950BE27F28A2C13C00EE1D87 /* SongDetailTableViewController.swift in Sources */,
			);
			runOnlyForDeploymentPostprocessing = 0;
		};
/* End PBXSourcesBuildPhase section */

/* Begin XCBuildConfiguration section */
		1D6058940D05DD3E006BFB54 /* Debug */ = {
			isa = XCBuildConfiguration;
			buildSettings = {
				ALWAYS_SEARCH_USER_PATHS = NO;
				ASSETCATALOG_COMPILER_APPICON_NAME = AppIcon;
				ASSETCATALOG_COMPILER_INCLUDE_ALL_APPICON_ASSETS = NO;
				CLANG_ENABLE_MODULES = YES;
				CLANG_ENABLE_OBJC_ARC = YES;
				CODE_SIGN_IDENTITY = "Apple Development";
				"CODE_SIGN_IDENTITY[sdk=iphoneos*]" = "iPhone Developer";
				CODE_SIGN_STYLE = Automatic;
				COPY_PHASE_STRIP = NO;
				DEVELOPMENT_TEAM = 78FKA3KWWM;
				FRAMEWORK_SEARCH_PATHS = "$(inherited)";
				GCC_DYNAMIC_NO_PIC = NO;
				GCC_OPTIMIZATION_LEVEL = 0;
				GCC_PRECOMPILE_PREFIX_HEADER = YES;
				GCC_PREFIX_HEADER = BabyKetten/App/BabyKetten_Prefix.pch;
				INFOPLIST_FILE = Info.plist;
				IPHONEOS_DEPLOYMENT_TARGET = 15.0;
				LIBRARY_SEARCH_PATHS = "$(inherited)";
				PRODUCT_BUNDLE_IDENTIFIER = org.schepman.babyketten;
				PRODUCT_NAME = "baby ketten";
				PROVISIONING_PROFILE_SPECIFIER = "";
				SWIFT_OBJC_BRIDGING_HEADER = "BabyKetten/App/BabyKetten-Bridging-Header.h";
				SWIFT_OPTIMIZATION_LEVEL = "-Onone";
				SWIFT_VERSION = 5.0;
				TARGETED_DEVICE_FAMILY = 1;
			};
			name = Debug;
		};
		1D6058950D05DD3E006BFB54 /* Release */ = {
			isa = XCBuildConfiguration;
			buildSettings = {
				ALWAYS_SEARCH_USER_PATHS = NO;
				ASSETCATALOG_COMPILER_APPICON_NAME = AppIcon;
				ASSETCATALOG_COMPILER_INCLUDE_ALL_APPICON_ASSETS = NO;
				CLANG_ENABLE_MODULES = YES;
				CLANG_ENABLE_OBJC_ARC = YES;
				CODE_SIGN_IDENTITY = "Apple Development";
				"CODE_SIGN_IDENTITY[sdk=iphoneos*]" = "iPhone Developer";
				CODE_SIGN_STYLE = Automatic;
				COPY_PHASE_STRIP = YES;
				DEVELOPMENT_TEAM = 78FKA3KWWM;
				FRAMEWORK_SEARCH_PATHS = "$(inherited)";
				GCC_PRECOMPILE_PREFIX_HEADER = YES;
				GCC_PREFIX_HEADER = BabyKetten/App/BabyKetten_Prefix.pch;
				INFOPLIST_FILE = Info.plist;
				IPHONEOS_DEPLOYMENT_TARGET = 15.0;
				LIBRARY_SEARCH_PATHS = "$(inherited)";
				PRODUCT_BUNDLE_IDENTIFIER = org.schepman.babyketten;
				PRODUCT_NAME = "baby ketten";
				PROVISIONING_PROFILE_SPECIFIER = "";
				SWIFT_OBJC_BRIDGING_HEADER = "BabyKetten/App/BabyKetten-Bridging-Header.h";
				SWIFT_VERSION = 5.0;
				TARGETED_DEVICE_FAMILY = 1;
				VALIDATE_PRODUCT = YES;
			};
			name = Release;
		};
		8319EF801454B28F001B45CD /* Ad Hoc */ = {
			isa = XCBuildConfiguration;
			buildSettings = {
				CLANG_ANALYZER_LOCALIZABILITY_NONLOCALIZED = YES;
				CLANG_WARN_BLOCK_CAPTURE_AUTORELEASING = YES;
				CLANG_WARN_BOOL_CONVERSION = YES;
				CLANG_WARN_COMMA = YES;
				CLANG_WARN_CONSTANT_CONVERSION = YES;
				CLANG_WARN_DEPRECATED_OBJC_IMPLEMENTATIONS = YES;
				CLANG_WARN_EMPTY_BODY = YES;
				CLANG_WARN_ENUM_CONVERSION = YES;
				CLANG_WARN_INFINITE_RECURSION = YES;
				CLANG_WARN_INT_CONVERSION = YES;
				CLANG_WARN_NON_LITERAL_NULL_CONVERSION = YES;
				CLANG_WARN_OBJC_IMPLICIT_RETAIN_SELF = YES;
				CLANG_WARN_OBJC_LITERAL_CONVERSION = YES;
				CLANG_WARN_QUOTED_INCLUDE_IN_FRAMEWORK_HEADER = YES;
				CLANG_WARN_RANGE_LOOP_ANALYSIS = YES;
				CLANG_WARN_STRICT_PROTOTYPES = YES;
				CLANG_WARN_SUSPICIOUS_MOVE = YES;
				CLANG_WARN_UNREACHABLE_CODE = YES;
				CLANG_WARN__DUPLICATE_METHOD_MATCH = YES;
				CODE_SIGN_IDENTITY = "iPhone Distribution: Christopher Schepman";
				"CODE_SIGN_IDENTITY[sdk=iphoneos*]" = "iPhone Distribution: Christopher Schepman";
				ENABLE_STRICT_OBJC_MSGSEND = YES;
				GCC_C_LANGUAGE_STANDARD = c99;
				GCC_NO_COMMON_BLOCKS = YES;
				GCC_WARN_64_TO_32_BIT_CONVERSION = YES;
				GCC_WARN_ABOUT_RETURN_TYPE = YES;
				GCC_WARN_UNDECLARED_SELECTOR = YES;
				GCC_WARN_UNINITIALIZED_AUTOS = YES;
				GCC_WARN_UNUSED_FUNCTION = YES;
				GCC_WARN_UNUSED_VARIABLE = YES;
				HEADER_SEARCH_PATHS = "";
				IPHONEOS_DEPLOYMENT_TARGET = 15.0;
				OTHER_CFLAGS = "-DNS_BLOCK_ASSERTIONS=1";
				OTHER_LDFLAGS = "";
				PROVISIONING_PROFILE = "249BEC10-3F91-40E5-B826-EA01919E3712";
				"PROVISIONING_PROFILE[sdk=iphoneos*]" = "249BEC10-3F91-40E5-B826-EA01919E3712";
				SDKROOT = iphoneos;
				SWIFT_VERSION = 3.0;
			};
			name = "Ad Hoc";
		};
		8319EF811454B28F001B45CD /* Ad Hoc */ = {
			isa = XCBuildConfiguration;
			buildSettings = {
				ALWAYS_SEARCH_USER_PATHS = NO;
				ASSETCATALOG_COMPILER_APPICON_NAME = AppIcon;
				ASSETCATALOG_COMPILER_INCLUDE_ALL_APPICON_ASSETS = NO;
				CLANG_ENABLE_MODULES = YES;
				CLANG_ENABLE_OBJC_ARC = YES;
				CODE_SIGN_IDENTITY = "Apple Development";
				"CODE_SIGN_IDENTITY[sdk=iphoneos*]" = "iPhone Developer";
				CODE_SIGN_STYLE = Automatic;
				COPY_PHASE_STRIP = YES;
				DEVELOPMENT_TEAM = 78FKA3KWWM;
				FRAMEWORK_SEARCH_PATHS = "$(inherited)";
				GCC_PRECOMPILE_PREFIX_HEADER = YES;
				GCC_PREFIX_HEADER = BabyKetten/App/BabyKetten_Prefix.pch;
				INFOPLIST_FILE = Info.plist;
				IPHONEOS_DEPLOYMENT_TARGET = 15.0;
				LIBRARY_SEARCH_PATHS = "$(inherited)";
				PRODUCT_BUNDLE_IDENTIFIER = org.schepman.babyketten;
				PRODUCT_NAME = "baby ketten";
				PROVISIONING_PROFILE_SPECIFIER = "";
				SWIFT_OBJC_BRIDGING_HEADER = "BabyKetten/App/BabyKetten-Bridging-Header.h";
				SWIFT_VERSION = 5.0;
				TARGETED_DEVICE_FAMILY = 1;
				VALIDATE_PRODUCT = YES;
			};
			name = "Ad Hoc";
		};
		83326A0C118939F50012C57C /* Distribution */ = {
			isa = XCBuildConfiguration;
			buildSettings = {
				CLANG_ANALYZER_LOCALIZABILITY_NONLOCALIZED = YES;
				CLANG_WARN_BLOCK_CAPTURE_AUTORELEASING = YES;
				CLANG_WARN_BOOL_CONVERSION = YES;
				CLANG_WARN_COMMA = YES;
				CLANG_WARN_CONSTANT_CONVERSION = YES;
				CLANG_WARN_DEPRECATED_OBJC_IMPLEMENTATIONS = YES;
				CLANG_WARN_EMPTY_BODY = YES;
				CLANG_WARN_ENUM_CONVERSION = YES;
				CLANG_WARN_INFINITE_RECURSION = YES;
				CLANG_WARN_INT_CONVERSION = YES;
				CLANG_WARN_NON_LITERAL_NULL_CONVERSION = YES;
				CLANG_WARN_OBJC_IMPLICIT_RETAIN_SELF = YES;
				CLANG_WARN_OBJC_LITERAL_CONVERSION = YES;
				CLANG_WARN_QUOTED_INCLUDE_IN_FRAMEWORK_HEADER = YES;
				CLANG_WARN_RANGE_LOOP_ANALYSIS = YES;
				CLANG_WARN_STRICT_PROTOTYPES = YES;
				CLANG_WARN_SUSPICIOUS_MOVE = YES;
				CLANG_WARN_UNREACHABLE_CODE = YES;
				CLANG_WARN__DUPLICATE_METHOD_MATCH = YES;
				CODE_SIGN_IDENTITY = "";
				"CODE_SIGN_IDENTITY[sdk=iphoneos*]" = "";
				ENABLE_STRICT_OBJC_MSGSEND = YES;
				GCC_C_LANGUAGE_STANDARD = c99;
				GCC_NO_COMMON_BLOCKS = YES;
				GCC_WARN_64_TO_32_BIT_CONVERSION = YES;
				GCC_WARN_ABOUT_RETURN_TYPE = YES;
				GCC_WARN_UNDECLARED_SELECTOR = YES;
				GCC_WARN_UNINITIALIZED_AUTOS = YES;
				GCC_WARN_UNUSED_FUNCTION = YES;
				GCC_WARN_UNUSED_VARIABLE = YES;
				IPHONEOS_DEPLOYMENT_TARGET = 15.0;
				OTHER_CFLAGS = "-DNS_BLOCK_ASSERTIONS=1";
				OTHER_LDFLAGS = "";
				SDKROOT = iphoneos;
				SWIFT_VERSION = 3.0;
			};
			name = Distribution;
		};
		83326A0D118939F50012C57C /* Distribution */ = {
			isa = XCBuildConfiguration;
			buildSettings = {
				ALWAYS_SEARCH_USER_PATHS = NO;
				ASSETCATALOG_COMPILER_APPICON_NAME = AppIcon;
				ASSETCATALOG_COMPILER_INCLUDE_ALL_APPICON_ASSETS = NO;
				CLANG_ENABLE_MODULES = YES;
				CLANG_ENABLE_OBJC_ARC = YES;
				CODE_SIGN_IDENTITY = "Apple Development";
				"CODE_SIGN_IDENTITY[sdk=iphoneos*]" = "iPhone Developer";
				CODE_SIGN_STYLE = Automatic;
				COPY_PHASE_STRIP = YES;
				DEVELOPMENT_TEAM = "";
				FRAMEWORK_SEARCH_PATHS = "$(inherited)";
				GCC_PRECOMPILE_PREFIX_HEADER = YES;
				GCC_PREFIX_HEADER = BabyKetten/App/BabyKetten_Prefix.pch;
				INFOPLIST_FILE = Info.plist;
				IPHONEOS_DEPLOYMENT_TARGET = 15.0;
				LIBRARY_SEARCH_PATHS = "$(inherited)";
				PRODUCT_BUNDLE_IDENTIFIER = org.schepman.babyketten;
				PRODUCT_NAME = "baby ketten";
				PROVISIONING_PROFILE_SPECIFIER = "";
				SWIFT_OBJC_BRIDGING_HEADER = "BabyKetten/App/BabyKetten-Bridging-Header.h";
				SWIFT_VERSION = 5.0;
				TARGETED_DEVICE_FAMILY = 1;
				VALIDATE_PRODUCT = YES;
			};
			name = Distribution;
		};
		C01FCF4F08A954540054247B /* Debug */ = {
			isa = XCBuildConfiguration;
			buildSettings = {
				CLANG_ANALYZER_LOCALIZABILITY_NONLOCALIZED = YES;
				CLANG_WARN_BLOCK_CAPTURE_AUTORELEASING = YES;
				CLANG_WARN_BOOL_CONVERSION = YES;
				CLANG_WARN_COMMA = YES;
				CLANG_WARN_CONSTANT_CONVERSION = YES;
				CLANG_WARN_DEPRECATED_OBJC_IMPLEMENTATIONS = YES;
				CLANG_WARN_EMPTY_BODY = YES;
				CLANG_WARN_ENUM_CONVERSION = YES;
				CLANG_WARN_INFINITE_RECURSION = YES;
				CLANG_WARN_INT_CONVERSION = YES;
				CLANG_WARN_NON_LITERAL_NULL_CONVERSION = YES;
				CLANG_WARN_OBJC_IMPLICIT_RETAIN_SELF = YES;
				CLANG_WARN_OBJC_LITERAL_CONVERSION = YES;
				CLANG_WARN_QUOTED_INCLUDE_IN_FRAMEWORK_HEADER = YES;
				CLANG_WARN_RANGE_LOOP_ANALYSIS = YES;
				CLANG_WARN_STRICT_PROTOTYPES = YES;
				CLANG_WARN_SUSPICIOUS_MOVE = YES;
				CLANG_WARN_UNREACHABLE_CODE = YES;
				CLANG_WARN__DUPLICATE_METHOD_MATCH = YES;
				CODE_SIGN_IDENTITY = "";
				"CODE_SIGN_IDENTITY[sdk=iphoneos*]" = "";
				ENABLE_STRICT_OBJC_MSGSEND = YES;
				ENABLE_TESTABILITY = YES;
				GCC_C_LANGUAGE_STANDARD = c99;
				GCC_NO_COMMON_BLOCKS = YES;
				GCC_WARN_64_TO_32_BIT_CONVERSION = YES;
				GCC_WARN_ABOUT_RETURN_TYPE = YES;
				GCC_WARN_UNDECLARED_SELECTOR = YES;
				GCC_WARN_UNINITIALIZED_AUTOS = YES;
				GCC_WARN_UNUSED_FUNCTION = YES;
				GCC_WARN_UNUSED_VARIABLE = YES;
				HEADER_SEARCH_PATHS = "";
				IPHONEOS_DEPLOYMENT_TARGET = 15.0;
				ONLY_ACTIVE_ARCH = YES;
				OTHER_CFLAGS = "";
				OTHER_LDFLAGS = "";
				SDKROOT = iphoneos;
				SWIFT_VERSION = 3.0;
			};
			name = Debug;
		};
		C01FCF5008A954540054247B /* Release */ = {
			isa = XCBuildConfiguration;
			buildSettings = {
				CLANG_ANALYZER_LOCALIZABILITY_NONLOCALIZED = YES;
				CLANG_WARN_BLOCK_CAPTURE_AUTORELEASING = YES;
				CLANG_WARN_BOOL_CONVERSION = YES;
				CLANG_WARN_COMMA = YES;
				CLANG_WARN_CONSTANT_CONVERSION = YES;
				CLANG_WARN_DEPRECATED_OBJC_IMPLEMENTATIONS = YES;
				CLANG_WARN_EMPTY_BODY = YES;
				CLANG_WARN_ENUM_CONVERSION = YES;
				CLANG_WARN_INFINITE_RECURSION = YES;
				CLANG_WARN_INT_CONVERSION = YES;
				CLANG_WARN_NON_LITERAL_NULL_CONVERSION = YES;
				CLANG_WARN_OBJC_IMPLICIT_RETAIN_SELF = YES;
				CLANG_WARN_OBJC_LITERAL_CONVERSION = YES;
				CLANG_WARN_QUOTED_INCLUDE_IN_FRAMEWORK_HEADER = YES;
				CLANG_WARN_RANGE_LOOP_ANALYSIS = YES;
				CLANG_WARN_STRICT_PROTOTYPES = YES;
				CLANG_WARN_SUSPICIOUS_MOVE = YES;
				CLANG_WARN_UNREACHABLE_CODE = YES;
				CLANG_WARN__DUPLICATE_METHOD_MATCH = YES;
				CODE_SIGN_IDENTITY = "";
				"CODE_SIGN_IDENTITY[sdk=iphoneos*]" = "";
				ENABLE_STRICT_OBJC_MSGSEND = YES;
				GCC_C_LANGUAGE_STANDARD = c99;
				GCC_NO_COMMON_BLOCKS = YES;
				GCC_WARN_64_TO_32_BIT_CONVERSION = YES;
				GCC_WARN_ABOUT_RETURN_TYPE = YES;
				GCC_WARN_UNDECLARED_SELECTOR = YES;
				GCC_WARN_UNINITIALIZED_AUTOS = YES;
				GCC_WARN_UNUSED_FUNCTION = YES;
				GCC_WARN_UNUSED_VARIABLE = YES;
				HEADER_SEARCH_PATHS = "";
				IPHONEOS_DEPLOYMENT_TARGET = 15.0;
				OTHER_CFLAGS = "-DNS_BLOCK_ASSERTIONS=1";
				OTHER_LDFLAGS = "";
				SDKROOT = iphoneos;
				SWIFT_OPTIMIZATION_LEVEL = "-Owholemodule";
				SWIFT_VERSION = 3.0;
			};
			name = Release;
		};
/* End XCBuildConfiguration section */

/* Begin XCConfigurationList section */
		1D6058960D05DD3E006BFB54 /* Build configuration list for PBXNativeTarget "baby ketten" */ = {
			isa = XCConfigurationList;
			buildConfigurations = (
				1D6058940D05DD3E006BFB54 /* Debug */,
				1D6058950D05DD3E006BFB54 /* Release */,
				8319EF811454B28F001B45CD /* Ad Hoc */,
				83326A0D118939F50012C57C /* Distribution */,
			);
			defaultConfigurationIsVisible = 0;
			defaultConfigurationName = Release;
		};
		C01FCF4E08A954540054247B /* Build configuration list for PBXProject "BabyKetten" */ = {
			isa = XCConfigurationList;
			buildConfigurations = (
				C01FCF4F08A954540054247B /* Debug */,
				C01FCF5008A954540054247B /* Release */,
				8319EF801454B28F001B45CD /* Ad Hoc */,
				83326A0C118939F50012C57C /* Distribution */,
			);
			defaultConfigurationIsVisible = 0;
			defaultConfigurationName = Release;
		};
/* End XCConfigurationList section */
	};
	rootObject = 29B97313FDCFA39411CA2CEA /* Project object */;
}
